// !$*UTF8*$!
{
	archiveVersion = 1;
	classes = {
	};
	objectVersion = 48;
	objects = {

/* Begin PBXBuildFile section */
		B928F8041FEB12010056118E /* ProviderDelegate.swift in Sources */ = {isa = PBXBuildFile; fileRef = B928F8031FEB12010056118E /* ProviderDelegate.swift */; };
		B9354D711FEF148E00A58D5C /* sip_autoconf.h.in in Resources */ = {isa = PBXBuildFile; fileRef = B9354C431FEF148700A58D5C /* sip_autoconf.h.in */; };
		B9354D721FEF148E00A58D5C /* config_auto.h.in in Resources */ = {isa = PBXBuildFile; fileRef = B9354C751FEF148900A58D5C /* config_auto.h.in */; };
		B9354D731FEF148E00A58D5C /* config_auto.h.in in Resources */ = {isa = PBXBuildFile; fileRef = B9354CC71FEF148A00A58D5C /* config_auto.h.in */; };
		B9354D741FEF148E00A58D5C /* os_auto.h.in in Resources */ = {isa = PBXBuildFile; fileRef = B9354D321FEF148E00A58D5C /* os_auto.h.in */; };
		B9354D751FEF148E00A58D5C /* m_auto.h.in in Resources */ = {isa = PBXBuildFile; fileRef = B9354D411FEF148E00A58D5C /* m_auto.h.in */; };
		B9354D771FEF154B00A58D5C /* pjsip.a in Frameworks */ = {isa = PBXBuildFile; fileRef = B9354D761FEF154A00A58D5C /* pjsip.a */; };
		B94A28D91FE7532300178838 /* AppDelegate.swift in Sources */ = {isa = PBXBuildFile; fileRef = B94A28D81FE7532300178838 /* AppDelegate.swift */; };
		B94A28DB1FE7532300178838 /* ViewController.swift in Sources */ = {isa = PBXBuildFile; fileRef = B94A28DA1FE7532300178838 /* ViewController.swift */; };
		B94A28DE1FE7532300178838 /* Main.storyboard in Resources */ = {isa = PBXBuildFile; fileRef = B94A28DC1FE7532300178838 /* Main.storyboard */; };
		B94A28E01FE7532300178838 /* Assets.xcassets in Resources */ = {isa = PBXBuildFile; fileRef = B94A28DF1FE7532300178838 /* Assets.xcassets */; };
		B94A28E31FE7532300178838 /* LaunchScreen.storyboard in Resources */ = {isa = PBXBuildFile; fileRef = B94A28E11FE7532300178838 /* LaunchScreen.storyboard */; };
		B9A1A2EF1FE845CD00A02AE5 /* Callbacks.swift in Sources */ = {isa = PBXBuildFile; fileRef = B9A1A2EE1FE845CD00A02AE5 /* Callbacks.swift */; };
		B9A1A2F11FE8883F00A02AE5 /* OutgoingCallViewController.swift in Sources */ = {isa = PBXBuildFile; fileRef = B9A1A2F01FE8883F00A02AE5 /* OutgoingCallViewController.swift */; };
		B9A1A2F31FE8889E00A02AE5 /* IncomingCallViewController.swift in Sources */ = {isa = PBXBuildFile; fileRef = B9A1A2F21FE8889E00A02AE5 /* IncomingCallViewController.swift */; };
		B9A1A34A1FE91AD700A02AE5 /* AVFoundation.framework in Frameworks */ = {isa = PBXBuildFile; fileRef = B94A291F1FE75A3C00178838 /* AVFoundation.framework */; };
/* End PBXBuildFile section */

/* Begin PBXFileReference section */
		B928F8031FEB12010056118E /* ProviderDelegate.swift */ = {isa = PBXFileReference; lastKnownFileType = sourcecode.swift; path = ProviderDelegate.swift; sourceTree = "<group>"; };
		B9354C2F1FEF148600A58D5C /* pjmedia-codec.h */ = {isa = PBXFileReference; fileEncoding = 4; lastKnownFileType = sourcecode.c.h; name = "pjmedia-codec.h"; path = "Pod/pjsip-include/pjmedia-codec.h"; sourceTree = SOURCE_ROOT; };
		B9354C301FEF148700A58D5C /* pjsip_simple.h */ = {isa = PBXFileReference; fileEncoding = 4; lastKnownFileType = sourcecode.c.h; name = pjsip_simple.h; path = "Pod/pjsip-include/pjsip_simple.h"; sourceTree = SOURCE_ROOT; };
		B9354C311FEF148700A58D5C /* pjmedia_videodev.h */ = {isa = PBXFileReference; fileEncoding = 4; lastKnownFileType = sourcecode.c.h; name = pjmedia_videodev.h; path = "Pod/pjsip-include/pjmedia_videodev.h"; sourceTree = SOURCE_ROOT; };
		B9354C331FEF148700A58D5C /* sip_transport.h */ = {isa = PBXFileReference; fileEncoding = 4; lastKnownFileType = sourcecode.c.h; path = sip_transport.h; sourceTree = "<group>"; };
		B9354C341FEF148700A58D5C /* sip_module.h */ = {isa = PBXFileReference; fileEncoding = 4; lastKnownFileType = sourcecode.c.h; path = sip_module.h; sourceTree = "<group>"; };
		B9354C351FEF148700A58D5C /* sip_types.h */ = {isa = PBXFileReference; fileEncoding = 4; lastKnownFileType = sourcecode.c.h; path = sip_types.h; sourceTree = "<group>"; };
		B9354C361FEF148700A58D5C /* sip_tel_uri.h */ = {isa = PBXFileReference; fileEncoding = 4; lastKnownFileType = sourcecode.c.h; path = sip_tel_uri.h; sourceTree = "<group>"; };
		B9354C371FEF148700A58D5C /* sip_event.h */ = {isa = PBXFileReference; fileEncoding = 4; lastKnownFileType = sourcecode.c.h; path = sip_event.h; sourceTree = "<group>"; };
		B9354C381FEF148700A58D5C /* sip_auth.h */ = {isa = PBXFileReference; fileEncoding = 4; lastKnownFileType = sourcecode.c.h; path = sip_auth.h; sourceTree = "<group>"; };
		B9354C391FEF148700A58D5C /* sip_autoconf.h */ = {isa = PBXFileReference; fileEncoding = 4; lastKnownFileType = sourcecode.c.h; path = sip_autoconf.h; sourceTree = "<group>"; };
		B9354C3A1FEF148700A58D5C /* sip_util.h */ = {isa = PBXFileReference; fileEncoding = 4; lastKnownFileType = sourcecode.c.h; path = sip_util.h; sourceTree = "<group>"; };
		B9354C3B1FEF148700A58D5C /* sip_transport_tcp.h */ = {isa = PBXFileReference; fileEncoding = 4; lastKnownFileType = sourcecode.c.h; path = sip_transport_tcp.h; sourceTree = "<group>"; };
		B9354C3C1FEF148700A58D5C /* sip_transport_loop.h */ = {isa = PBXFileReference; fileEncoding = 4; lastKnownFileType = sourcecode.c.h; path = sip_transport_loop.h; sourceTree = "<group>"; };
		B9354C3D1FEF148700A58D5C /* sip_msg.h */ = {isa = PBXFileReference; fileEncoding = 4; lastKnownFileType = sourcecode.c.h; path = sip_msg.h; sourceTree = "<group>"; };
		B9354C3E1FEF148700A58D5C /* sip_private.h */ = {isa = PBXFileReference; fileEncoding = 4; lastKnownFileType = sourcecode.c.h; path = sip_private.h; sourceTree = "<group>"; };
		B9354C3F1FEF148700A58D5C /* sip_endpoint.h */ = {isa = PBXFileReference; fileEncoding = 4; lastKnownFileType = sourcecode.c.h; path = sip_endpoint.h; sourceTree = "<group>"; };
		B9354C401FEF148700A58D5C /* sip_transport_tls.h */ = {isa = PBXFileReference; fileEncoding = 4; lastKnownFileType = sourcecode.c.h; path = sip_transport_tls.h; sourceTree = "<group>"; };
		B9354C411FEF148700A58D5C /* sip_multipart.h */ = {isa = PBXFileReference; fileEncoding = 4; lastKnownFileType = sourcecode.c.h; path = sip_multipart.h; sourceTree = "<group>"; };
		B9354C421FEF148700A58D5C /* sip_parser.h */ = {isa = PBXFileReference; fileEncoding = 4; lastKnownFileType = sourcecode.c.h; path = sip_parser.h; sourceTree = "<group>"; };
		B9354C431FEF148700A58D5C /* sip_autoconf.h.in */ = {isa = PBXFileReference; fileEncoding = 4; lastKnownFileType = text; path = sip_autoconf.h.in; sourceTree = "<group>"; };
		B9354C441FEF148700A58D5C /* sip_auth_msg.h */ = {isa = PBXFileReference; fileEncoding = 4; lastKnownFileType = sourcecode.c.h; path = sip_auth_msg.h; sourceTree = "<group>"; };
		B9354C451FEF148700A58D5C /* sip_uri.h */ = {isa = PBXFileReference; fileEncoding = 4; lastKnownFileType = sourcecode.c.h; path = sip_uri.h; sourceTree = "<group>"; };
		B9354C461FEF148700A58D5C /* sip_ua_layer.h */ = {isa = PBXFileReference; fileEncoding = 4; lastKnownFileType = sourcecode.c.h; path = sip_ua_layer.h; sourceTree = "<group>"; };
		B9354C471FEF148700A58D5C /* sip_transaction.h */ = {isa = PBXFileReference; fileEncoding = 4; lastKnownFileType = sourcecode.c.h; path = sip_transaction.h; sourceTree = "<group>"; };
		B9354C481FEF148700A58D5C /* sip_transport_udp.h */ = {isa = PBXFileReference; fileEncoding = 4; lastKnownFileType = sourcecode.c.h; path = sip_transport_udp.h; sourceTree = "<group>"; };
		B9354C491FEF148700A58D5C /* print_util.h */ = {isa = PBXFileReference; fileEncoding = 4; lastKnownFileType = sourcecode.c.h; path = print_util.h; sourceTree = "<group>"; };
		B9354C4A1FEF148700A58D5C /* sip_errno.h */ = {isa = PBXFileReference; fileEncoding = 4; lastKnownFileType = sourcecode.c.h; path = sip_errno.h; sourceTree = "<group>"; };
		B9354C4B1FEF148700A58D5C /* sip_dialog.h */ = {isa = PBXFileReference; fileEncoding = 4; lastKnownFileType = sourcecode.c.h; path = sip_dialog.h; sourceTree = "<group>"; };
		B9354C4C1FEF148700A58D5C /* sip_auth_parser.h */ = {isa = PBXFileReference; fileEncoding = 4; lastKnownFileType = sourcecode.c.h; path = sip_auth_parser.h; sourceTree = "<group>"; };
		B9354C4D1FEF148700A58D5C /* sip_config.h */ = {isa = PBXFileReference; fileEncoding = 4; lastKnownFileType = sourcecode.c.h; path = sip_config.h; sourceTree = "<group>"; };
		B9354C4E1FEF148700A58D5C /* sip_auth_aka.h */ = {isa = PBXFileReference; fileEncoding = 4; lastKnownFileType = sourcecode.c.h; path = sip_auth_aka.h; sourceTree = "<group>"; };
		B9354C4F1FEF148700A58D5C /* sip_resolve.h */ = {isa = PBXFileReference; fileEncoding = 4; lastKnownFileType = sourcecode.c.h; path = sip_resolve.h; sourceTree = "<group>"; };
		B9354C501FEF148800A58D5C /* pjsip_auth.h */ = {isa = PBXFileReference; fileEncoding = 4; lastKnownFileType = sourcecode.c.h; name = pjsip_auth.h; path = "Pod/pjsip-include/pjsip_auth.h"; sourceTree = SOURCE_ROOT; };
		B9354C511FEF148800A58D5C /* pjlib++.hpp */ = {isa = PBXFileReference; fileEncoding = 4; lastKnownFileType = sourcecode.cpp.h; name = "pjlib++.hpp"; path = "Pod/pjsip-include/pjlib++.hpp"; sourceTree = SOURCE_ROOT; };
		B9354C521FEF148800A58D5C /* pjmedia.h */ = {isa = PBXFileReference; fileEncoding = 4; lastKnownFileType = sourcecode.c.h; name = pjmedia.h; path = "Pod/pjsip-include/pjmedia.h"; sourceTree = SOURCE_ROOT; };
		B9354C531FEF148800A58D5C /* pjsip.h */ = {isa = PBXFileReference; fileEncoding = 4; lastKnownFileType = sourcecode.c.h; name = pjsip.h; path = "Pod/pjsip-include/pjsip.h"; sourceTree = SOURCE_ROOT; };
		B9354C541FEF148800A58D5C /* pjsip_ua.h */ = {isa = PBXFileReference; fileEncoding = 4; lastKnownFileType = sourcecode.c.h; name = pjsip_ua.h; path = "Pod/pjsip-include/pjsip_ua.h"; sourceTree = SOURCE_ROOT; };
		B9354C551FEF148800A58D5C /* pjsua.h */ = {isa = PBXFileReference; fileEncoding = 4; lastKnownFileType = sourcecode.c.h; name = pjsua.h; path = "Pod/pjsip-include/pjsua.h"; sourceTree = SOURCE_ROOT; };
		B9354C561FEF148900A58D5C /* pjnath.h */ = {isa = PBXFileReference; fileEncoding = 4; lastKnownFileType = sourcecode.c.h; name = pjnath.h; path = "Pod/pjsip-include/pjnath.h"; sourceTree = SOURCE_ROOT; };
		B9354C581FEF148900A58D5C /* hash.hpp */ = {isa = PBXFileReference; fileEncoding = 4; lastKnownFileType = sourcecode.cpp.h; path = hash.hpp; sourceTree = "<group>"; };
		B9354C591FEF148900A58D5C /* lock.hpp */ = {isa = PBXFileReference; fileEncoding = 4; lastKnownFileType = sourcecode.cpp.h; path = lock.hpp; sourceTree = "<group>"; };
		B9354C5A1FEF148900A58D5C /* proactor.hpp */ = {isa = PBXFileReference; fileEncoding = 4; lastKnownFileType = sourcecode.cpp.h; path = proactor.hpp; sourceTree = "<group>"; };
		B9354C5B1FEF148900A58D5C /* file.hpp */ = {isa = PBXFileReference; fileEncoding = 4; lastKnownFileType = sourcecode.cpp.h; path = file.hpp; sourceTree = "<group>"; };
		B9354C5C1FEF148900A58D5C /* list.hpp */ = {isa = PBXFileReference; fileEncoding = 4; lastKnownFileType = sourcecode.cpp.h; path = list.hpp; sourceTree = "<group>"; };
		B9354C5D1FEF148900A58D5C /* pool.hpp */ = {isa = PBXFileReference; fileEncoding = 4; lastKnownFileType = sourcecode.cpp.h; path = pool.hpp; sourceTree = "<group>"; };
		B9354C5E1FEF148900A58D5C /* timer.hpp */ = {isa = PBXFileReference; fileEncoding = 4; lastKnownFileType = sourcecode.cpp.h; path = timer.hpp; sourceTree = "<group>"; };
		B9354C5F1FEF148900A58D5C /* string.hpp */ = {isa = PBXFileReference; fileEncoding = 4; lastKnownFileType = sourcecode.cpp.h; path = string.hpp; sourceTree = "<group>"; };
		B9354C601FEF148900A58D5C /* tree.hpp */ = {isa = PBXFileReference; fileEncoding = 4; lastKnownFileType = sourcecode.cpp.h; path = tree.hpp; sourceTree = "<group>"; };
		B9354C611FEF148900A58D5C /* scanner.hpp */ = {isa = PBXFileReference; fileEncoding = 4; lastKnownFileType = sourcecode.cpp.h; path = scanner.hpp; sourceTree = "<group>"; };
		B9354C621FEF148900A58D5C /* types.hpp */ = {isa = PBXFileReference; fileEncoding = 4; lastKnownFileType = sourcecode.cpp.h; path = types.hpp; sourceTree = "<group>"; };
		B9354C631FEF148900A58D5C /* os.hpp */ = {isa = PBXFileReference; fileEncoding = 4; lastKnownFileType = sourcecode.cpp.h; path = os.hpp; sourceTree = "<group>"; };
		B9354C641FEF148900A58D5C /* sock.hpp */ = {isa = PBXFileReference; fileEncoding = 4; lastKnownFileType = sourcecode.cpp.h; path = sock.hpp; sourceTree = "<group>"; };
		B9354C661FEF148900A58D5C /* vid_port.h */ = {isa = PBXFileReference; fileEncoding = 4; lastKnownFileType = sourcecode.c.h; path = vid_port.h; sourceTree = "<group>"; };
		B9354C671FEF148900A58D5C /* circbuf.h */ = {isa = PBXFileReference; fileEncoding = 4; lastKnownFileType = sourcecode.c.h; path = circbuf.h; sourceTree = "<group>"; };
		B9354C681FEF148900A58D5C /* conference.h */ = {isa = PBXFileReference; fileEncoding = 4; lastKnownFileType = sourcecode.c.h; path = conference.h; sourceTree = "<group>"; };
		B9354C691FEF148900A58D5C /* sound.h */ = {isa = PBXFileReference; fileEncoding = 4; lastKnownFileType = sourcecode.c.h; path = sound.h; sourceTree = "<group>"; };
		B9354C6A1FEF148900A58D5C /* resample.h */ = {isa = PBXFileReference; fileEncoding = 4; lastKnownFileType = sourcecode.c.h; path = resample.h; sourceTree = "<group>"; };
		B9354C6B1FEF148900A58D5C /* endpoint.h */ = {isa = PBXFileReference; fileEncoding = 4; lastKnownFileType = sourcecode.c.h; path = endpoint.h; sourceTree = "<group>"; };
		B9354C6C1FEF148900A58D5C /* wav_playlist.h */ = {isa = PBXFileReference; fileEncoding = 4; lastKnownFileType = sourcecode.c.h; path = wav_playlist.h; sourceTree = "<group>"; };
		B9354C6D1FEF148900A58D5C /* bidirectional.h */ = {isa = PBXFileReference; fileEncoding = 4; lastKnownFileType = sourcecode.c.h; path = bidirectional.h; sourceTree = "<group>"; };
		B9354C6E1FEF148900A58D5C /* vid_tee.h */ = {isa = PBXFileReference; fileEncoding = 4; lastKnownFileType = sourcecode.c.h; path = vid_tee.h; sourceTree = "<group>"; };
		B9354C6F1FEF148900A58D5C /* port.h */ = {isa = PBXFileReference; fileEncoding = 4; lastKnownFileType = sourcecode.c.h; path = port.h; sourceTree = "<group>"; };
		B9354C701FEF148900A58D5C /* vid_codec.h */ = {isa = PBXFileReference; fileEncoding = 4; lastKnownFileType = sourcecode.c.h; path = vid_codec.h; sourceTree = "<group>"; };
		B9354C711FEF148900A58D5C /* symbian_sound_aps.h */ = {isa = PBXFileReference; fileEncoding = 4; lastKnownFileType = sourcecode.c.h; path = symbian_sound_aps.h; sourceTree = "<group>"; };
		B9354C721FEF148900A58D5C /* transport_srtp.h */ = {isa = PBXFileReference; fileEncoding = 4; lastKnownFileType = sourcecode.c.h; path = transport_srtp.h; sourceTree = "<group>"; };
		B9354C731FEF148900A58D5C /* delaybuf.h */ = {isa = PBXFileReference; fileEncoding = 4; lastKnownFileType = sourcecode.c.h; path = delaybuf.h; sourceTree = "<group>"; };
		B9354C741FEF148900A58D5C /* stereo.h */ = {isa = PBXFileReference; fileEncoding = 4; lastKnownFileType = sourcecode.c.h; path = stereo.h; sourceTree = "<group>"; };
		B9354C751FEF148900A58D5C /* config_auto.h.in */ = {isa = PBXFileReference; fileEncoding = 4; lastKnownFileType = text; path = config_auto.h.in; sourceTree = "<group>"; };
		B9354C761FEF148900A58D5C /* rtcp_xr.h */ = {isa = PBXFileReference; fileEncoding = 4; lastKnownFileType = sourcecode.c.h; path = rtcp_xr.h; sourceTree = "<group>"; };
		B9354C771FEF148900A58D5C /* config.h */ = {isa = PBXFileReference; fileEncoding = 4; lastKnownFileType = sourcecode.c.h; path = config.h; sourceTree = "<group>"; };
		B9354C781FEF148900A58D5C /* event.h */ = {isa = PBXFileReference; fileEncoding = 4; lastKnownFileType = sourcecode.c.h; path = event.h; sourceTree = "<group>"; };
		B9354C791FEF148900A58D5C /* types.h */ = {isa = PBXFileReference; fileEncoding = 4; lastKnownFileType = sourcecode.c.h; path = types.h; sourceTree = "<group>"; };
		B9354C7A1FEF148900A58D5C /* tonegen.h */ = {isa = PBXFileReference; fileEncoding = 4; lastKnownFileType = sourcecode.c.h; path = tonegen.h; sourceTree = "<group>"; };
		B9354C7B1FEF148900A58D5C /* videodev.h */ = {isa = PBXFileReference; fileEncoding = 4; lastKnownFileType = sourcecode.c.h; path = videodev.h; sourceTree = "<group>"; };
		B9354C7C1FEF148900A58D5C /* avi_stream.h */ = {isa = PBXFileReference; fileEncoding = 4; lastKnownFileType = sourcecode.c.h; path = avi_stream.h; sourceTree = "<group>"; };
		B9354C7D1FEF148900A58D5C /* null_port.h */ = {isa = PBXFileReference; fileEncoding = 4; lastKnownFileType = sourcecode.c.h; path = null_port.h; sourceTree = "<group>"; };
		B9354C7E1FEF148900A58D5C /* rtp.h */ = {isa = PBXFileReference; fileEncoding = 4; lastKnownFileType = sourcecode.c.h; path = rtp.h; sourceTree = "<group>"; };
		B9354C7F1FEF148900A58D5C /* avi.h */ = {isa = PBXFileReference; fileEncoding = 4; lastKnownFileType = sourcecode.c.h; path = avi.h; sourceTree = "<group>"; };
		B9354C801FEF148900A58D5C /* audiodev.h */ = {isa = PBXFileReference; fileEncoding = 4; lastKnownFileType = sourcecode.c.h; path = audiodev.h; sourceTree = "<group>"; };
		B9354C811FEF148900A58D5C /* silencedet.h */ = {isa = PBXFileReference; fileEncoding = 4; lastKnownFileType = sourcecode.c.h; path = silencedet.h; sourceTree = "<group>"; };
		B9354C821FEF148900A58D5C /* frame.h */ = {isa = PBXFileReference; fileEncoding = 4; lastKnownFileType = sourcecode.c.h; path = frame.h; sourceTree = "<group>"; };
		B9354C831FEF148900A58D5C /* transport_loop.h */ = {isa = PBXFileReference; fileEncoding = 4; lastKnownFileType = sourcecode.c.h; path = transport_loop.h; sourceTree = "<group>"; };
		B9354C841FEF148900A58D5C /* echo.h */ = {isa = PBXFileReference; fileEncoding = 4; lastKnownFileType = sourcecode.c.h; path = echo.h; sourceTree = "<group>"; };
		B9354C851FEF148900A58D5C /* converter.h */ = {isa = PBXFileReference; fileEncoding = 4; lastKnownFileType = sourcecode.c.h; path = converter.h; sourceTree = "<group>"; };
		B9354C861FEF148900A58D5C /* stream.h */ = {isa = PBXFileReference; fileEncoding = 4; lastKnownFileType = sourcecode.c.h; path = stream.h; sourceTree = "<group>"; };
		B9354C871FEF148900A58D5C /* wsola.h */ = {isa = PBXFileReference; fileEncoding = 4; lastKnownFileType = sourcecode.c.h; path = wsola.h; sourceTree = "<group>"; };
		B9354C881FEF148900A58D5C /* wav_port.h */ = {isa = PBXFileReference; fileEncoding = 4; lastKnownFileType = sourcecode.c.h; path = wav_port.h; sourceTree = "<group>"; };
		B9354C891FEF148900A58D5C /* alaw_ulaw.h */ = {isa = PBXFileReference; fileEncoding = 4; lastKnownFileType = sourcecode.c.h; path = alaw_ulaw.h; sourceTree = "<group>"; };
		B9354C8A1FEF148900A58D5C /* sdp_neg.h */ = {isa = PBXFileReference; fileEncoding = 4; lastKnownFileType = sourcecode.c.h; path = sdp_neg.h; sourceTree = "<group>"; };
		B9354C8B1FEF148900A58D5C /* echo_port.h */ = {isa = PBXFileReference; fileEncoding = 4; lastKnownFileType = sourcecode.c.h; path = echo_port.h; sourceTree = "<group>"; };
		B9354C8C1FEF148900A58D5C /* codec.h */ = {isa = PBXFileReference; fileEncoding = 4; lastKnownFileType = sourcecode.c.h; path = codec.h; sourceTree = "<group>"; };
		B9354C8D1FEF148900A58D5C /* session.h */ = {isa = PBXFileReference; fileEncoding = 4; lastKnownFileType = sourcecode.c.h; path = session.h; sourceTree = "<group>"; };
		B9354C8E1FEF148900A58D5C /* signatures.h */ = {isa = PBXFileReference; fileEncoding = 4; lastKnownFileType = sourcecode.c.h; path = signatures.h; sourceTree = "<group>"; };
		B9354C8F1FEF148900A58D5C /* splitcomb.h */ = {isa = PBXFileReference; fileEncoding = 4; lastKnownFileType = sourcecode.c.h; path = splitcomb.h; sourceTree = "<group>"; };
		B9354C901FEF148900A58D5C /* vid_codec_util.h */ = {isa = PBXFileReference; fileEncoding = 4; lastKnownFileType = sourcecode.c.h; path = vid_codec_util.h; sourceTree = "<group>"; };
		B9354C911FEF148900A58D5C /* transport_ice.h */ = {isa = PBXFileReference; fileEncoding = 4; lastKnownFileType = sourcecode.c.h; path = transport_ice.h; sourceTree = "<group>"; };
		B9354C921FEF148900A58D5C /* rtcp.h */ = {isa = PBXFileReference; fileEncoding = 4; lastKnownFileType = sourcecode.c.h; path = rtcp.h; sourceTree = "<group>"; };
		B9354C931FEF148900A58D5C /* vid_stream.h */ = {isa = PBXFileReference; fileEncoding = 4; lastKnownFileType = sourcecode.c.h; path = vid_stream.h; sourceTree = "<group>"; };
		B9354C941FEF148900A58D5C /* transport.h */ = {isa = PBXFileReference; fileEncoding = 4; lastKnownFileType = sourcecode.c.h; path = transport.h; sourceTree = "<group>"; };
		B9354C951FEF148900A58D5C /* plc.h */ = {isa = PBXFileReference; fileEncoding = 4; lastKnownFileType = sourcecode.c.h; path = plc.h; sourceTree = "<group>"; };
		B9354C961FEF148900A58D5C /* stream_common.h */ = {isa = PBXFileReference; fileEncoding = 4; lastKnownFileType = sourcecode.c.h; path = stream_common.h; sourceTree = "<group>"; };
		B9354C971FEF148900A58D5C /* errno.h */ = {isa = PBXFileReference; fileEncoding = 4; lastKnownFileType = sourcecode.c.h; path = errno.h; sourceTree = "<group>"; };
		B9354C981FEF148900A58D5C /* g711.h */ = {isa = PBXFileReference; fileEncoding = 4; lastKnownFileType = sourcecode.c.h; path = g711.h; sourceTree = "<group>"; };
		B9354C991FEF148900A58D5C /* wave.h */ = {isa = PBXFileReference; fileEncoding = 4; lastKnownFileType = sourcecode.c.h; path = wave.h; sourceTree = "<group>"; };
		B9354C9A1FEF148900A58D5C /* sdp.h */ = {isa = PBXFileReference; fileEncoding = 4; lastKnownFileType = sourcecode.c.h; path = sdp.h; sourceTree = "<group>"; };
		B9354C9B1FEF148900A58D5C /* doxygen.h */ = {isa = PBXFileReference; fileEncoding = 4; lastKnownFileType = sourcecode.c.h; path = doxygen.h; sourceTree = "<group>"; };
		B9354C9C1FEF148900A58D5C /* format.h */ = {isa = PBXFileReference; fileEncoding = 4; lastKnownFileType = sourcecode.c.h; path = format.h; sourceTree = "<group>"; };
		B9354C9D1FEF148900A58D5C /* sound_port.h */ = {isa = PBXFileReference; fileEncoding = 4; lastKnownFileType = sourcecode.c.h; path = sound_port.h; sourceTree = "<group>"; };
		B9354C9E1FEF148900A58D5C /* config_auto.h */ = {isa = PBXFileReference; fileEncoding = 4; lastKnownFileType = sourcecode.c.h; path = config_auto.h; sourceTree = "<group>"; };
		B9354C9F1FEF148900A58D5C /* jbuf.h */ = {isa = PBXFileReference; fileEncoding = 4; lastKnownFileType = sourcecode.c.h; path = jbuf.h; sourceTree = "<group>"; };
		B9354CA01FEF148900A58D5C /* clock.h */ = {isa = PBXFileReference; fileEncoding = 4; lastKnownFileType = sourcecode.c.h; path = clock.h; sourceTree = "<group>"; };
		B9354CA11FEF148900A58D5C /* transport_adapter_sample.h */ = {isa = PBXFileReference; fileEncoding = 4; lastKnownFileType = sourcecode.c.h; path = transport_adapter_sample.h; sourceTree = "<group>"; };
		B9354CA21FEF148900A58D5C /* master_port.h */ = {isa = PBXFileReference; fileEncoding = 4; lastKnownFileType = sourcecode.c.h; path = master_port.h; sourceTree = "<group>"; };
		B9354CA31FEF148900A58D5C /* mem_port.h */ = {isa = PBXFileReference; fileEncoding = 4; lastKnownFileType = sourcecode.c.h; path = mem_port.h; sourceTree = "<group>"; };
		B9354CA41FEF148900A58D5C /* transport_udp.h */ = {isa = PBXFileReference; fileEncoding = 4; lastKnownFileType = sourcecode.c.h; path = transport_udp.h; sourceTree = "<group>"; };
		B9354CA61FEF148900A58D5C /* config.h */ = {isa = PBXFileReference; fileEncoding = 4; lastKnownFileType = sourcecode.c.h; path = config.h; sourceTree = "<group>"; };
		B9354CA71FEF148900A58D5C /* audiodev.h */ = {isa = PBXFileReference; fileEncoding = 4; lastKnownFileType = sourcecode.c.h; path = audiodev.h; sourceTree = "<group>"; };
		B9354CA81FEF148900A58D5C /* audiodev_imp.h */ = {isa = PBXFileReference; fileEncoding = 4; lastKnownFileType = sourcecode.c.h; path = audiodev_imp.h; sourceTree = "<group>"; };
		B9354CA91FEF148900A58D5C /* errno.h */ = {isa = PBXFileReference; fileEncoding = 4; lastKnownFileType = sourcecode.c.h; path = errno.h; sourceTree = "<group>"; };
		B9354CAA1FEF148900A58D5C /* audiotest.h */ = {isa = PBXFileReference; fileEncoding = 4; lastKnownFileType = sourcecode.c.h; path = audiotest.h; sourceTree = "<group>"; };
		B9354CAC1FEF148900A58D5C /* sip_100rel.h */ = {isa = PBXFileReference; fileEncoding = 4; lastKnownFileType = sourcecode.c.h; path = sip_100rel.h; sourceTree = "<group>"; };
		B9354CAD1FEF148900A58D5C /* sip_inv.h */ = {isa = PBXFileReference; fileEncoding = 4; lastKnownFileType = sourcecode.c.h; path = sip_inv.h; sourceTree = "<group>"; };
		B9354CAE1FEF148900A58D5C /* sip_xfer.h */ = {isa = PBXFileReference; fileEncoding = 4; lastKnownFileType = sourcecode.c.h; path = sip_xfer.h; sourceTree = "<group>"; };
		B9354CAF1FEF148900A58D5C /* sip_regc.h */ = {isa = PBXFileReference; fileEncoding = 4; lastKnownFileType = sourcecode.c.h; path = sip_regc.h; sourceTree = "<group>"; };
		B9354CB01FEF148900A58D5C /* sip_replaces.h */ = {isa = PBXFileReference; fileEncoding = 4; lastKnownFileType = sourcecode.c.h; path = sip_replaces.h; sourceTree = "<group>"; };
		B9354CB11FEF148900A58D5C /* sip_timer.h */ = {isa = PBXFileReference; fileEncoding = 4; lastKnownFileType = sourcecode.c.h; path = sip_timer.h; sourceTree = "<group>"; };
		B9354CB21FEF148A00A58D5C /* pjlib-util.h */ = {isa = PBXFileReference; fileEncoding = 4; lastKnownFileType = sourcecode.c.h; name = "pjlib-util.h"; path = "Pod/pjsip-include/pjlib-util.h"; sourceTree = SOURCE_ROOT; };
		B9354CB41FEF148A00A58D5C /* types.h */ = {isa = PBXFileReference; fileEncoding = 4; lastKnownFileType = sourcecode.c.h; path = types.h; sourceTree = "<group>"; };
		B9354CB51FEF148A00A58D5C /* presence.h */ = {isa = PBXFileReference; fileEncoding = 4; lastKnownFileType = sourcecode.c.h; path = presence.h; sourceTree = "<group>"; };
		B9354CB61FEF148A00A58D5C /* iscomposing.h */ = {isa = PBXFileReference; fileEncoding = 4; lastKnownFileType = sourcecode.c.h; path = iscomposing.h; sourceTree = "<group>"; };
		B9354CB71FEF148A00A58D5C /* rpid.h */ = {isa = PBXFileReference; fileEncoding = 4; lastKnownFileType = sourcecode.c.h; path = rpid.h; sourceTree = "<group>"; };
		B9354CB81FEF148A00A58D5C /* pidf.h */ = {isa = PBXFileReference; fileEncoding = 4; lastKnownFileType = sourcecode.c.h; path = pidf.h; sourceTree = "<group>"; };
		B9354CB91FEF148A00A58D5C /* mwi.h */ = {isa = PBXFileReference; fileEncoding = 4; lastKnownFileType = sourcecode.c.h; path = mwi.h; sourceTree = "<group>"; };
		B9354CBA1FEF148A00A58D5C /* publish.h */ = {isa = PBXFileReference; fileEncoding = 4; lastKnownFileType = sourcecode.c.h; path = publish.h; sourceTree = "<group>"; };
		B9354CBB1FEF148A00A58D5C /* errno.h */ = {isa = PBXFileReference; fileEncoding = 4; lastKnownFileType = sourcecode.c.h; path = errno.h; sourceTree = "<group>"; };
		B9354CBC1FEF148A00A58D5C /* xpidf.h */ = {isa = PBXFileReference; fileEncoding = 4; lastKnownFileType = sourcecode.c.h; path = xpidf.h; sourceTree = "<group>"; };
		B9354CBD1FEF148A00A58D5C /* evsub_msg.h */ = {isa = PBXFileReference; fileEncoding = 4; lastKnownFileType = sourcecode.c.h; path = evsub_msg.h; sourceTree = "<group>"; };
		B9354CBE1FEF148A00A58D5C /* evsub.h */ = {isa = PBXFileReference; fileEncoding = 4; lastKnownFileType = sourcecode.c.h; path = evsub.h; sourceTree = "<group>"; };
		B9354CBF1FEF148A00A58D5C /* pjmedia_audiodev.h */ = {isa = PBXFileReference; fileEncoding = 4; lastKnownFileType = sourcecode.c.h; name = pjmedia_audiodev.h; path = "Pod/pjsip-include/pjmedia_audiodev.h"; sourceTree = SOURCE_ROOT; };
		B9354CC11FEF148A00A58D5C /* opencore_amr.h */ = {isa = PBXFileReference; fileEncoding = 4; lastKnownFileType = sourcecode.c.h; path = opencore_amr.h; sourceTree = "<group>"; };
		B9354CC21FEF148A00A58D5C /* opus.h */ = {isa = PBXFileReference; fileEncoding = 4; lastKnownFileType = sourcecode.c.h; path = opus.h; sourceTree = "<group>"; };
		B9354CC31FEF148A00A58D5C /* amr_sdp_match.h */ = {isa = PBXFileReference; fileEncoding = 4; lastKnownFileType = sourcecode.c.h; path = amr_sdp_match.h; sourceTree = "<group>"; };
		B9354CC41FEF148A00A58D5C /* ffmpeg_vid_codecs.h */ = {isa = PBXFileReference; fileEncoding = 4; lastKnownFileType = sourcecode.c.h; path = ffmpeg_vid_codecs.h; sourceTree = "<group>"; };
		B9354CC51FEF148A00A58D5C /* speex.h */ = {isa = PBXFileReference; fileEncoding = 4; lastKnownFileType = sourcecode.c.h; path = speex.h; sourceTree = "<group>"; };
		B9354CC61FEF148A00A58D5C /* passthrough.h */ = {isa = PBXFileReference; fileEncoding = 4; lastKnownFileType = sourcecode.c.h; path = passthrough.h; sourceTree = "<group>"; };
		B9354CC71FEF148A00A58D5C /* config_auto.h.in */ = {isa = PBXFileReference; fileEncoding = 4; lastKnownFileType = text; path = config_auto.h.in; sourceTree = "<group>"; };
		B9354CC81FEF148A00A58D5C /* config.h */ = {isa = PBXFileReference; fileEncoding = 4; lastKnownFileType = sourcecode.c.h; path = config.h; sourceTree = "<group>"; };
		B9354CC91FEF148A00A58D5C /* types.h */ = {isa = PBXFileReference; fileEncoding = 4; lastKnownFileType = sourcecode.c.h; path = types.h; sourceTree = "<group>"; };
		B9354CCA1FEF148A00A58D5C /* silk.h */ = {isa = PBXFileReference; fileEncoding = 4; lastKnownFileType = sourcecode.c.h; path = silk.h; sourceTree = "<group>"; };
		B9354CCB1FEF148A00A58D5C /* ilbc.h */ = {isa = PBXFileReference; fileEncoding = 4; lastKnownFileType = sourcecode.c.h; path = ilbc.h; sourceTree = "<group>"; };
		B9354CCC1FEF148A00A58D5C /* gsm.h */ = {isa = PBXFileReference; fileEncoding = 4; lastKnownFileType = sourcecode.c.h; path = gsm.h; sourceTree = "<group>"; };
		B9354CCD1FEF148A00A58D5C /* g7221_sdp_match.h */ = {isa = PBXFileReference; fileEncoding = 4; lastKnownFileType = sourcecode.c.h; path = g7221_sdp_match.h; sourceTree = "<group>"; };
		B9354CCE1FEF148A00A58D5C /* g722.h */ = {isa = PBXFileReference; fileEncoding = 4; lastKnownFileType = sourcecode.c.h; path = g722.h; sourceTree = "<group>"; };
		B9354CCF1FEF148A00A58D5C /* bcg729.h */ = {isa = PBXFileReference; fileEncoding = 4; lastKnownFileType = sourcecode.c.h; path = bcg729.h; sourceTree = "<group>"; };
		B9354CD01FEF148A00A58D5C /* h264_packetizer.h */ = {isa = PBXFileReference; fileEncoding = 4; lastKnownFileType = sourcecode.c.h; path = h264_packetizer.h; sourceTree = "<group>"; };
		B9354CD11FEF148A00A58D5C /* h263_packetizer.h */ = {isa = PBXFileReference; fileEncoding = 4; lastKnownFileType = sourcecode.c.h; path = h263_packetizer.h; sourceTree = "<group>"; };
		B9354CD21FEF148A00A58D5C /* amr_helper.h */ = {isa = PBXFileReference; fileEncoding = 4; lastKnownFileType = sourcecode.c.h; path = amr_helper.h; sourceTree = "<group>"; };
		B9354CD31FEF148A00A58D5C /* audio_codecs.h */ = {isa = PBXFileReference; fileEncoding = 4; lastKnownFileType = sourcecode.c.h; path = audio_codecs.h; sourceTree = "<group>"; };
		B9354CD41FEF148A00A58D5C /* ipp_codecs.h */ = {isa = PBXFileReference; fileEncoding = 4; lastKnownFileType = sourcecode.c.h; path = ipp_codecs.h; sourceTree = "<group>"; };
		B9354CD51FEF148A00A58D5C /* l16.h */ = {isa = PBXFileReference; fileEncoding = 4; lastKnownFileType = sourcecode.c.h; path = l16.h; sourceTree = "<group>"; };
		B9354CD61FEF148A00A58D5C /* vid_toolbox.h */ = {isa = PBXFileReference; fileEncoding = 4; lastKnownFileType = sourcecode.c.h; path = vid_toolbox.h; sourceTree = "<group>"; };
		B9354CD71FEF148A00A58D5C /* config_auto.h */ = {isa = PBXFileReference; fileEncoding = 4; lastKnownFileType = sourcecode.c.h; path = config_auto.h; sourceTree = "<group>"; };
		B9354CD81FEF148A00A58D5C /* openh264.h */ = {isa = PBXFileReference; fileEncoding = 4; lastKnownFileType = sourcecode.c.h; path = openh264.h; sourceTree = "<group>"; };
		B9354CD91FEF148A00A58D5C /* g7221.h */ = {isa = PBXFileReference; fileEncoding = 4; lastKnownFileType = sourcecode.c.h; path = g7221.h; sourceTree = "<group>"; };
		B9354CDB1FEF148A00A58D5C /* stun_msg.h */ = {isa = PBXFileReference; fileEncoding = 4; lastKnownFileType = sourcecode.c.h; path = stun_msg.h; sourceTree = "<group>"; };
		B9354CDC1FEF148A00A58D5C /* config.h */ = {isa = PBXFileReference; fileEncoding = 4; lastKnownFileType = sourcecode.c.h; path = config.h; sourceTree = "<group>"; };
		B9354CDD1FEF148A00A58D5C /* types.h */ = {isa = PBXFileReference; fileEncoding = 4; lastKnownFileType = sourcecode.c.h; path = types.h; sourceTree = "<group>"; };
		B9354CDE1FEF148A00A58D5C /* stun_sock.h */ = {isa = PBXFileReference; fileEncoding = 4; lastKnownFileType = sourcecode.c.h; path = stun_sock.h; sourceTree = "<group>"; };
		B9354CDF1FEF148A00A58D5C /* turn_session.h */ = {isa = PBXFileReference; fileEncoding = 4; lastKnownFileType = sourcecode.c.h; path = turn_session.h; sourceTree = "<group>"; };
		B9354CE01FEF148B00A58D5C /* nat_detect.h */ = {isa = PBXFileReference; fileEncoding = 4; lastKnownFileType = sourcecode.c.h; path = nat_detect.h; sourceTree = "<group>"; };
		B9354CE11FEF148B00A58D5C /* ice_strans.h */ = {isa = PBXFileReference; fileEncoding = 4; lastKnownFileType = sourcecode.c.h; path = ice_strans.h; sourceTree = "<group>"; };
		B9354CE21FEF148B00A58D5C /* stun_session.h */ = {isa = PBXFileReference; fileEncoding = 4; lastKnownFileType = sourcecode.c.h; path = stun_session.h; sourceTree = "<group>"; };
		B9354CE31FEF148B00A58D5C /* turn_sock.h */ = {isa = PBXFileReference; fileEncoding = 4; lastKnownFileType = sourcecode.c.h; path = turn_sock.h; sourceTree = "<group>"; };
		B9354CE41FEF148B00A58D5C /* errno.h */ = {isa = PBXFileReference; fileEncoding = 4; lastKnownFileType = sourcecode.c.h; path = errno.h; sourceTree = "<group>"; };
		B9354CE51FEF148B00A58D5C /* stun_config.h */ = {isa = PBXFileReference; fileEncoding = 4; lastKnownFileType = sourcecode.c.h; path = stun_config.h; sourceTree = "<group>"; };
		B9354CE61FEF148B00A58D5C /* ice_session.h */ = {isa = PBXFileReference; fileEncoding = 4; lastKnownFileType = sourcecode.c.h; path = ice_session.h; sourceTree = "<group>"; };
		B9354CE71FEF148B00A58D5C /* stun_transaction.h */ = {isa = PBXFileReference; fileEncoding = 4; lastKnownFileType = sourcecode.c.h; path = stun_transaction.h; sourceTree = "<group>"; };
		B9354CE81FEF148B00A58D5C /* stun_auth.h */ = {isa = PBXFileReference; fileEncoding = 4; lastKnownFileType = sourcecode.c.h; path = stun_auth.h; sourceTree = "<group>"; };
		B9354CEA1FEF148B00A58D5C /* json.hpp */ = {isa = PBXFileReference; fileEncoding = 4; lastKnownFileType = sourcecode.cpp.h; path = json.hpp; sourceTree = "<group>"; };
		B9354CEB1FEF148B00A58D5C /* persistent.hpp */ = {isa = PBXFileReference; fileEncoding = 4; lastKnownFileType = sourcecode.cpp.h; path = persistent.hpp; sourceTree = "<group>"; };
		B9354CEC1FEF148B00A58D5C /* doxygen.hpp */ = {isa = PBXFileReference; fileEncoding = 4; lastKnownFileType = sourcecode.cpp.h; path = doxygen.hpp; sourceTree = "<group>"; };
		B9354CED1FEF148B00A58D5C /* config.hpp */ = {isa = PBXFileReference; fileEncoding = 4; lastKnownFileType = sourcecode.cpp.h; path = config.hpp; sourceTree = "<group>"; };
		B9354CEE1FEF148B00A58D5C /* siptypes.hpp */ = {isa = PBXFileReference; fileEncoding = 4; lastKnownFileType = sourcecode.cpp.h; path = siptypes.hpp; sourceTree = "<group>"; };
		B9354CEF1FEF148B00A58D5C /* account.hpp */ = {isa = PBXFileReference; fileEncoding = 4; lastKnownFileType = sourcecode.cpp.h; path = account.hpp; sourceTree = "<group>"; };
		B9354CF01FEF148B00A58D5C /* endpoint.hpp */ = {isa = PBXFileReference; fileEncoding = 4; lastKnownFileType = sourcecode.cpp.h; path = endpoint.hpp; sourceTree = "<group>"; };
		B9354CF11FEF148B00A58D5C /* call.hpp */ = {isa = PBXFileReference; fileEncoding = 4; lastKnownFileType = sourcecode.cpp.h; path = call.hpp; sourceTree = "<group>"; };
		B9354CF21FEF148B00A58D5C /* presence.hpp */ = {isa = PBXFileReference; fileEncoding = 4; lastKnownFileType = sourcecode.cpp.h; path = presence.hpp; sourceTree = "<group>"; };
		B9354CF31FEF148B00A58D5C /* media.hpp */ = {isa = PBXFileReference; fileEncoding = 4; lastKnownFileType = sourcecode.cpp.h; path = media.hpp; sourceTree = "<group>"; };
		B9354CF41FEF148B00A58D5C /* types.hpp */ = {isa = PBXFileReference; fileEncoding = 4; lastKnownFileType = sourcecode.cpp.h; path = types.hpp; sourceTree = "<group>"; };
		B9354CF51FEF148C00A58D5C /* pjsua2.hpp */ = {isa = PBXFileReference; fileEncoding = 4; lastKnownFileType = sourcecode.cpp.h; name = pjsua2.hpp; path = "Pod/pjsip-include/pjsua2.hpp"; sourceTree = SOURCE_ROOT; };
		B9354CF71FEF148C00A58D5C /* cli_console.h */ = {isa = PBXFileReference; fileEncoding = 4; lastKnownFileType = sourcecode.c.h; path = cli_console.h; sourceTree = "<group>"; };
		B9354CF81FEF148C00A58D5C /* scanner_cis_bitwise.h */ = {isa = PBXFileReference; fileEncoding = 4; lastKnownFileType = sourcecode.c.h; path = scanner_cis_bitwise.h; sourceTree = "<group>"; };
		B9354CF91FEF148C00A58D5C /* http_client.h */ = {isa = PBXFileReference; fileEncoding = 4; lastKnownFileType = sourcecode.c.h; path = http_client.h; sourceTree = "<group>"; };
		B9354CFA1FEF148C00A58D5C /* base64.h */ = {isa = PBXFileReference; fileEncoding = 4; lastKnownFileType = sourcecode.c.h; path = base64.h; sourceTree = "<group>"; };
		B9354CFB1FEF148C00A58D5C /* config.h */ = {isa = PBXFileReference; fileEncoding = 4; lastKnownFileType = sourcecode.c.h; path = config.h; sourceTree = "<group>"; };
		B9354CFC1FEF148C00A58D5C /* types.h */ = {isa = PBXFileReference; fileEncoding = 4; lastKnownFileType = sourcecode.c.h; path = types.h; sourceTree = "<group>"; };
		B9354CFD1FEF148C00A58D5C /* cli_imp.h */ = {isa = PBXFileReference; fileEncoding = 4; lastKnownFileType = sourcecode.c.h; path = cli_imp.h; sourceTree = "<group>"; };
		B9354CFE1FEF148C00A58D5C /* md5.h */ = {isa = PBXFileReference; fileEncoding = 4; lastKnownFileType = sourcecode.c.h; path = md5.h; sourceTree = "<group>"; };
		B9354CFF1FEF148C00A58D5C /* dns_server.h */ = {isa = PBXFileReference; fileEncoding = 4; lastKnownFileType = sourcecode.c.h; path = dns_server.h; sourceTree = "<group>"; };
		B9354D001FEF148C00A58D5C /* hmac_md5.h */ = {isa = PBXFileReference; fileEncoding = 4; lastKnownFileType = sourcecode.c.h; path = hmac_md5.h; sourceTree = "<group>"; };
		B9354D011FEF148C00A58D5C /* getopt.h */ = {isa = PBXFileReference; fileEncoding = 4; lastKnownFileType = sourcecode.c.h; path = getopt.h; sourceTree = "<group>"; };
		B9354D021FEF148C00A58D5C /* cli.h */ = {isa = PBXFileReference; fileEncoding = 4; lastKnownFileType = sourcecode.c.h; path = cli.h; sourceTree = "<group>"; };
		B9354D031FEF148C00A58D5C /* scanner_cis_uint.h */ = {isa = PBXFileReference; fileEncoding = 4; lastKnownFileType = sourcecode.c.h; path = scanner_cis_uint.h; sourceTree = "<group>"; };
		B9354D041FEF148C00A58D5C /* xml.h */ = {isa = PBXFileReference; fileEncoding = 4; lastKnownFileType = sourcecode.c.h; path = xml.h; sourceTree = "<group>"; };
		B9354D051FEF148C00A58D5C /* scanner.h */ = {isa = PBXFileReference; fileEncoding = 4; lastKnownFileType = sourcecode.c.h; path = scanner.h; sourceTree = "<group>"; };
		B9354D061FEF148C00A58D5C /* json.h */ = {isa = PBXFileReference; fileEncoding = 4; lastKnownFileType = sourcecode.c.h; path = json.h; sourceTree = "<group>"; };
		B9354D071FEF148C00A58D5C /* resolver.h */ = {isa = PBXFileReference; fileEncoding = 4; lastKnownFileType = sourcecode.c.h; path = resolver.h; sourceTree = "<group>"; };
		B9354D081FEF148C00A58D5C /* hmac_sha1.h */ = {isa = PBXFileReference; fileEncoding = 4; lastKnownFileType = sourcecode.c.h; path = hmac_sha1.h; sourceTree = "<group>"; };
		B9354D091FEF148C00A58D5C /* cli_telnet.h */ = {isa = PBXFileReference; fileEncoding = 4; lastKnownFileType = sourcecode.c.h; path = cli_telnet.h; sourceTree = "<group>"; };
		B9354D0A1FEF148C00A58D5C /* srv_resolver.h */ = {isa = PBXFileReference; fileEncoding = 4; lastKnownFileType = sourcecode.c.h; path = srv_resolver.h; sourceTree = "<group>"; };
		B9354D0B1FEF148C00A58D5C /* pcap.h */ = {isa = PBXFileReference; fileEncoding = 4; lastKnownFileType = sourcecode.c.h; path = pcap.h; sourceTree = "<group>"; };
		B9354D0C1FEF148C00A58D5C /* sha1.h */ = {isa = PBXFileReference; fileEncoding = 4; lastKnownFileType = sourcecode.c.h; path = sha1.h; sourceTree = "<group>"; };
		B9354D0D1FEF148C00A58D5C /* errno.h */ = {isa = PBXFileReference; fileEncoding = 4; lastKnownFileType = sourcecode.c.h; path = errno.h; sourceTree = "<group>"; };
		B9354D0E1FEF148C00A58D5C /* stun_simple.h */ = {isa = PBXFileReference; fileEncoding = 4; lastKnownFileType = sourcecode.c.h; path = stun_simple.h; sourceTree = "<group>"; };
		B9354D0F1FEF148C00A58D5C /* dns.h */ = {isa = PBXFileReference; fileEncoding = 4; lastKnownFileType = sourcecode.c.h; path = dns.h; sourceTree = "<group>"; };
		B9354D101FEF148C00A58D5C /* crc32.h */ = {isa = PBXFileReference; fileEncoding = 4; lastKnownFileType = sourcecode.c.h; path = crc32.h; sourceTree = "<group>"; };
		B9354D111FEF148C00A58D5C /* string.h */ = {isa = PBXFileReference; fileEncoding = 4; lastKnownFileType = sourcecode.c.h; path = string.h; sourceTree = "<group>"; };
		B9354D121FEF148D00A58D5C /* pjlib.h */ = {isa = PBXFileReference; fileEncoding = 4; lastKnownFileType = sourcecode.c.h; name = pjlib.h; path = "Pod/pjsip-include/pjlib.h"; sourceTree = SOURCE_ROOT; };
		B9354D141FEF148D00A58D5C /* config.h */ = {isa = PBXFileReference; fileEncoding = 4; lastKnownFileType = sourcecode.c.h; path = config.h; sourceTree = "<group>"; };
		B9354D151FEF148D00A58D5C /* videodev.h */ = {isa = PBXFileReference; fileEncoding = 4; lastKnownFileType = sourcecode.c.h; path = videodev.h; sourceTree = "<group>"; };
		B9354D161FEF148D00A58D5C /* opengl_dev.h */ = {isa = PBXFileReference; fileEncoding = 4; lastKnownFileType = sourcecode.c.h; path = opengl_dev.h; sourceTree = "<group>"; };
		B9354D171FEF148D00A58D5C /* errno.h */ = {isa = PBXFileReference; fileEncoding = 4; lastKnownFileType = sourcecode.c.h; path = errno.h; sourceTree = "<group>"; };
		B9354D181FEF148D00A58D5C /* videodev_imp.h */ = {isa = PBXFileReference; fileEncoding = 4; lastKnownFileType = sourcecode.c.h; path = videodev_imp.h; sourceTree = "<group>"; };
		B9354D191FEF148D00A58D5C /* avi_dev.h */ = {isa = PBXFileReference; fileEncoding = 4; lastKnownFileType = sourcecode.c.h; path = avi_dev.h; sourceTree = "<group>"; };
		B9354D1B1FEF148D00A58D5C /* pjsua_internal.h */ = {isa = PBXFileReference; fileEncoding = 4; lastKnownFileType = sourcecode.c.h; path = pjsua_internal.h; sourceTree = "<group>"; };
		B9354D1C1FEF148D00A58D5C /* pjsua.h */ = {isa = PBXFileReference; fileEncoding = 4; lastKnownFileType = sourcecode.c.h; path = pjsua.h; sourceTree = "<group>"; };
		B9354D1E1FEF148E00A58D5C /* sock.h */ = {isa = PBXFileReference; fileEncoding = 4; lastKnownFileType = sourcecode.c.h; path = sock.h; sourceTree = "<group>"; };
		B9354D1F1FEF148E00A58D5C /* ip_helper.h */ = {isa = PBXFileReference; fileEncoding = 4; lastKnownFileType = sourcecode.c.h; path = ip_helper.h; sourceTree = "<group>"; };
		B9354D201FEF148E00A58D5C /* file_io.h */ = {isa = PBXFileReference; fileEncoding = 4; lastKnownFileType = sourcecode.c.h; path = file_io.h; sourceTree = "<group>"; };
		B9354D221FEF148E00A58D5C /* time.h */ = {isa = PBXFileReference; fileEncoding = 4; lastKnownFileType = sourcecode.c.h; path = time.h; sourceTree = "<group>"; };
		B9354D231FEF148E00A58D5C /* os_sunos.h */ = {isa = PBXFileReference; fileEncoding = 4; lastKnownFileType = sourcecode.c.h; path = os_sunos.h; sourceTree = "<group>"; };
		B9354D241FEF148E00A58D5C /* m_m68k.h */ = {isa = PBXFileReference; fileEncoding = 4; lastKnownFileType = sourcecode.c.h; path = m_m68k.h; sourceTree = "<group>"; };
		B9354D251FEF148E00A58D5C /* malloc.h */ = {isa = PBXFileReference; fileEncoding = 4; lastKnownFileType = sourcecode.c.h; path = malloc.h; sourceTree = "<group>"; };
		B9354D261FEF148E00A58D5C /* cc_msvc.h */ = {isa = PBXFileReference; fileEncoding = 4; lastKnownFileType = sourcecode.c.h; path = cc_msvc.h; sourceTree = "<group>"; };
		B9354D271FEF148E00A58D5C /* m_armv4.h */ = {isa = PBXFileReference; fileEncoding = 4; lastKnownFileType = sourcecode.c.h; path = m_armv4.h; sourceTree = "<group>"; };
		B9354D281FEF148E00A58D5C /* os_linux_kernel.h */ = {isa = PBXFileReference; fileEncoding = 4; lastKnownFileType = sourcecode.c.h; path = os_linux_kernel.h; sourceTree = "<group>"; };
		B9354D291FEF148E00A58D5C /* limits.h */ = {isa = PBXFileReference; fileEncoding = 4; lastKnownFileType = sourcecode.c.h; path = limits.h; sourceTree = "<group>"; };
		B9354D2A1FEF148E00A58D5C /* os_win32_wince.h */ = {isa = PBXFileReference; fileEncoding = 4; lastKnownFileType = sourcecode.c.h; path = os_win32_wince.h; sourceTree = "<group>"; };
		B9354D2B1FEF148E00A58D5C /* cc_armcc.h */ = {isa = PBXFileReference; fileEncoding = 4; lastKnownFileType = sourcecode.c.h; path = cc_armcc.h; sourceTree = "<group>"; };
		B9354D2C1FEF148E00A58D5C /* m_powerpc.h */ = {isa = PBXFileReference; fileEncoding = 4; lastKnownFileType = sourcecode.c.h; path = m_powerpc.h; sourceTree = "<group>"; };
		B9354D2D1FEF148E00A58D5C /* os_rtems.h */ = {isa = PBXFileReference; fileEncoding = 4; lastKnownFileType = sourcecode.c.h; path = os_rtems.h; sourceTree = "<group>"; };
		B9354D2E1FEF148E00A58D5C /* high_precision.h */ = {isa = PBXFileReference; fileEncoding = 4; lastKnownFileType = sourcecode.c.h; path = high_precision.h; sourceTree = "<group>"; };
		B9354D2F1FEF148E00A58D5C /* cc_codew.h */ = {isa = PBXFileReference; fileEncoding = 4; lastKnownFileType = sourcecode.c.h; path = cc_codew.h; sourceTree = "<group>"; };
		B9354D301FEF148E00A58D5C /* cc_gcce.h */ = {isa = PBXFileReference; fileEncoding = 4; lastKnownFileType = sourcecode.c.h; path = cc_gcce.h; sourceTree = "<group>"; };
		B9354D311FEF148E00A58D5C /* m_x86_64.h */ = {isa = PBXFileReference; fileEncoding = 4; lastKnownFileType = sourcecode.c.h; path = m_x86_64.h; sourceTree = "<group>"; };
		B9354D321FEF148E00A58D5C /* os_auto.h.in */ = {isa = PBXFileReference; fileEncoding = 4; lastKnownFileType = text; path = os_auto.h.in; sourceTree = "<group>"; };
		B9354D331FEF148E00A58D5C /* setjmp.h */ = {isa = PBXFileReference; fileEncoding = 4; lastKnownFileType = sourcecode.c.h; path = setjmp.h; sourceTree = "<group>"; };
		B9354D341FEF148E00A58D5C /* os_darwinos.h */ = {isa = PBXFileReference; fileEncoding = 4; lastKnownFileType = sourcecode.c.h; path = os_darwinos.h; sourceTree = "<group>"; };
		B9354D351FEF148E00A58D5C /* os_winuwp.h */ = {isa = PBXFileReference; fileEncoding = 4; lastKnownFileType = sourcecode.c.h; path = os_winuwp.h; sourceTree = "<group>"; };
		B9354D361FEF148E00A58D5C /* os_linux.h */ = {isa = PBXFileReference; fileEncoding = 4; lastKnownFileType = sourcecode.c.h; path = os_linux.h; sourceTree = "<group>"; };
		B9354D371FEF148E00A58D5C /* stdfileio.h */ = {isa = PBXFileReference; fileEncoding = 4; lastKnownFileType = sourcecode.c.h; path = stdfileio.h; sourceTree = "<group>"; };
		B9354D381FEF148E00A58D5C /* m_alpha.h */ = {isa = PBXFileReference; fileEncoding = 4; lastKnownFileType = sourcecode.c.h; path = m_alpha.h; sourceTree = "<group>"; };
		B9354D391FEF148E00A58D5C /* ctype.h */ = {isa = PBXFileReference; fileEncoding = 4; lastKnownFileType = sourcecode.c.h; path = ctype.h; sourceTree = "<group>"; };
		B9354D3A1FEF148E00A58D5C /* cc_mwcc.h */ = {isa = PBXFileReference; fileEncoding = 4; lastKnownFileType = sourcecode.c.h; path = cc_mwcc.h; sourceTree = "<group>"; };
		B9354D3B1FEF148E00A58D5C /* os_win32.h */ = {isa = PBXFileReference; fileEncoding = 4; lastKnownFileType = sourcecode.c.h; path = os_win32.h; sourceTree = "<group>"; };
		B9354D3C1FEF148E00A58D5C /* os_symbian.h */ = {isa = PBXFileReference; fileEncoding = 4; lastKnownFileType = sourcecode.c.h; path = os_symbian.h; sourceTree = "<group>"; };
		B9354D3D1FEF148E00A58D5C /* rand.h */ = {isa = PBXFileReference; fileEncoding = 4; lastKnownFileType = sourcecode.c.h; path = rand.h; sourceTree = "<group>"; };
		B9354D3E1FEF148E00A58D5C /* errno.h */ = {isa = PBXFileReference; fileEncoding = 4; lastKnownFileType = sourcecode.c.h; path = errno.h; sourceTree = "<group>"; };
		B9354D3F1FEF148E00A58D5C /* stdarg.h */ = {isa = PBXFileReference; fileEncoding = 4; lastKnownFileType = sourcecode.c.h; path = stdarg.h; sourceTree = "<group>"; };
		B9354D401FEF148E00A58D5C /* size_t.h */ = {isa = PBXFileReference; fileEncoding = 4; lastKnownFileType = sourcecode.c.h; path = size_t.h; sourceTree = "<group>"; };
		B9354D411FEF148E00A58D5C /* m_auto.h.in */ = {isa = PBXFileReference; fileEncoding = 4; lastKnownFileType = text; path = m_auto.h.in; sourceTree = "<group>"; };
		B9354D421FEF148E00A58D5C /* os_auto.h */ = {isa = PBXFileReference; fileEncoding = 4; lastKnownFileType = sourcecode.c.h; path = os_auto.h; sourceTree = "<group>"; };
		B9354D431FEF148E00A58D5C /* m_i386.h */ = {isa = PBXFileReference; fileEncoding = 4; lastKnownFileType = sourcecode.c.h; path = m_i386.h; sourceTree = "<group>"; };
		B9354D441FEF148E00A58D5C /* assert.h */ = {isa = PBXFileReference; fileEncoding = 4; lastKnownFileType = sourcecode.c.h; path = assert.h; sourceTree = "<group>"; };
		B9354D451FEF148E00A58D5C /* cc_gcc.h */ = {isa = PBXFileReference; fileEncoding = 4; lastKnownFileType = sourcecode.c.h; path = cc_gcc.h; sourceTree = "<group>"; };
		B9354D461FEF148E00A58D5C /* socket.h */ = {isa = PBXFileReference; fileEncoding = 4; lastKnownFileType = sourcecode.c.h; path = socket.h; sourceTree = "<group>"; };
		B9354D471FEF148E00A58D5C /* m_auto.h */ = {isa = PBXFileReference; fileEncoding = 4; lastKnownFileType = sourcecode.c.h; path = m_auto.h; sourceTree = "<group>"; };
		B9354D481FEF148E00A58D5C /* os_winphone8.h */ = {isa = PBXFileReference; fileEncoding = 4; lastKnownFileType = sourcecode.c.h; path = os_winphone8.h; sourceTree = "<group>"; };
		B9354D491FEF148E00A58D5C /* os_palmos.h */ = {isa = PBXFileReference; fileEncoding = 4; lastKnownFileType = sourcecode.c.h; path = os_palmos.h; sourceTree = "<group>"; };
		B9354D4A1FEF148E00A58D5C /* string.h */ = {isa = PBXFileReference; fileEncoding = 4; lastKnownFileType = sourcecode.c.h; path = string.h; sourceTree = "<group>"; };
		B9354D4B1FEF148E00A58D5C /* m_sparc.h */ = {isa = PBXFileReference; fileEncoding = 4; lastKnownFileType = sourcecode.c.h; path = m_sparc.h; sourceTree = "<group>"; };
		B9354D4C1FEF148E00A58D5C /* pool.h */ = {isa = PBXFileReference; fileEncoding = 4; lastKnownFileType = sourcecode.c.h; path = pool.h; sourceTree = "<group>"; };
		B9354D4D1FEF148E00A58D5C /* ssl_sock.h */ = {isa = PBXFileReference; fileEncoding = 4; lastKnownFileType = sourcecode.c.h; path = ssl_sock.h; sourceTree = "<group>"; };
		B9354D4E1FEF148E00A58D5C /* config.h */ = {isa = PBXFileReference; fileEncoding = 4; lastKnownFileType = sourcecode.c.h; path = config.h; sourceTree = "<group>"; };
		B9354D4F1FEF148E00A58D5C /* sock_select.h */ = {isa = PBXFileReference; fileEncoding = 4; lastKnownFileType = sourcecode.c.h; path = sock_select.h; sourceTree = "<group>"; };
		B9354D501FEF148E00A58D5C /* types.h */ = {isa = PBXFileReference; fileEncoding = 4; lastKnownFileType = sourcecode.c.h; path = types.h; sourceTree = "<group>"; };
		B9354D511FEF148E00A58D5C /* limits.h */ = {isa = PBXFileReference; fileEncoding = 4; lastKnownFileType = sourcecode.c.h; path = limits.h; sourceTree = "<group>"; };
		B9354D521FEF148E00A58D5C /* config_site_sample.h */ = {isa = PBXFileReference; fileEncoding = 4; lastKnownFileType = sourcecode.c.h; path = config_site_sample.h; sourceTree = "<group>"; };
		B9354D531FEF148E00A58D5C /* lock.h */ = {isa = PBXFileReference; fileEncoding = 4; lastKnownFileType = sourcecode.c.h; path = lock.h; sourceTree = "<group>"; };
		B9354D541FEF148E00A58D5C /* config_site.h */ = {isa = PBXFileReference; fileEncoding = 4; lastKnownFileType = sourcecode.c.h; path = config_site.h; sourceTree = "<group>"; };
		B9354D551FEF148E00A58D5C /* os.h */ = {isa = PBXFileReference; fileEncoding = 4; lastKnownFileType = sourcecode.c.h; path = os.h; sourceTree = "<group>"; };
		B9354D561FEF148E00A58D5C /* guid.h */ = {isa = PBXFileReference; fileEncoding = 4; lastKnownFileType = sourcecode.c.h; path = guid.h; sourceTree = "<group>"; };
		B9354D571FEF148E00A58D5C /* fifobuf.h */ = {isa = PBXFileReference; fileEncoding = 4; lastKnownFileType = sourcecode.c.h; path = fifobuf.h; sourceTree = "<group>"; };
		B9354D581FEF148E00A58D5C /* pool_i.h */ = {isa = PBXFileReference; fileEncoding = 4; lastKnownFileType = sourcecode.c.h; path = pool_i.h; sourceTree = "<group>"; };
		B9354D591FEF148E00A58D5C /* list_i.h */ = {isa = PBXFileReference; fileEncoding = 4; lastKnownFileType = sourcecode.c.h; path = list_i.h; sourceTree = "<group>"; };
		B9354D5A1FEF148E00A58D5C /* except.h */ = {isa = PBXFileReference; fileEncoding = 4; lastKnownFileType = sourcecode.c.h; path = except.h; sourceTree = "<group>"; };
		B9354D5B1FEF148E00A58D5C /* file_access.h */ = {isa = PBXFileReference; fileEncoding = 4; lastKnownFileType = sourcecode.c.h; path = file_access.h; sourceTree = "<group>"; };
		B9354D5C1FEF148E00A58D5C /* timer.h */ = {isa = PBXFileReference; fileEncoding = 4; lastKnownFileType = sourcecode.c.h; path = timer.h; sourceTree = "<group>"; };
		B9354D5D1FEF148E00A58D5C /* unicode.h */ = {isa = PBXFileReference; fileEncoding = 4; lastKnownFileType = sourcecode.c.h; path = unicode.h; sourceTree = "<group>"; };
		B9354D5E1FEF148E00A58D5C /* list.h */ = {isa = PBXFileReference; fileEncoding = 4; lastKnownFileType = sourcecode.c.h; path = list.h; sourceTree = "<group>"; };
		B9354D5F1FEF148E00A58D5C /* rbtree.h */ = {isa = PBXFileReference; fileEncoding = 4; lastKnownFileType = sourcecode.c.h; path = rbtree.h; sourceTree = "<group>"; };
		B9354D601FEF148E00A58D5C /* activesock.h */ = {isa = PBXFileReference; fileEncoding = 4; lastKnownFileType = sourcecode.c.h; path = activesock.h; sourceTree = "<group>"; };
		B9354D611FEF148E00A58D5C /* log.h */ = {isa = PBXFileReference; fileEncoding = 4; lastKnownFileType = sourcecode.c.h; path = log.h; sourceTree = "<group>"; };
		B9354D621FEF148E00A58D5C /* ctype.h */ = {isa = PBXFileReference; fileEncoding = 4; lastKnownFileType = sourcecode.c.h; path = ctype.h; sourceTree = "<group>"; };
		B9354D631FEF148E00A58D5C /* sock_qos.h */ = {isa = PBXFileReference; fileEncoding = 4; lastKnownFileType = sourcecode.c.h; path = sock_qos.h; sourceTree = "<group>"; };
		B9354D641FEF148E00A58D5C /* array.h */ = {isa = PBXFileReference; fileEncoding = 4; lastKnownFileType = sourcecode.c.h; path = array.h; sourceTree = "<group>"; };
		B9354D651FEF148E00A58D5C /* string_i.h */ = {isa = PBXFileReference; fileEncoding = 4; lastKnownFileType = sourcecode.c.h; path = string_i.h; sourceTree = "<group>"; };
		B9354D661FEF148E00A58D5C /* rand.h */ = {isa = PBXFileReference; fileEncoding = 4; lastKnownFileType = sourcecode.c.h; path = rand.h; sourceTree = "<group>"; };
		B9354D671FEF148E00A58D5C /* addr_resolv.h */ = {isa = PBXFileReference; fileEncoding = 4; lastKnownFileType = sourcecode.c.h; path = addr_resolv.h; sourceTree = "<group>"; };
		B9354D681FEF148E00A58D5C /* math.h */ = {isa = PBXFileReference; fileEncoding = 4; lastKnownFileType = sourcecode.c.h; path = math.h; sourceTree = "<group>"; };
		B9354D691FEF148E00A58D5C /* errno.h */ = {isa = PBXFileReference; fileEncoding = 4; lastKnownFileType = sourcecode.c.h; path = errno.h; sourceTree = "<group>"; };
		B9354D6A1FEF148E00A58D5C /* ioqueue.h */ = {isa = PBXFileReference; fileEncoding = 4; lastKnownFileType = sourcecode.c.h; path = ioqueue.h; sourceTree = "<group>"; };
		B9354D6B1FEF148E00A58D5C /* doxygen.h */ = {isa = PBXFileReference; fileEncoding = 4; lastKnownFileType = sourcecode.c.h; path = doxygen.h; sourceTree = "<group>"; };
		B9354D6C1FEF148E00A58D5C /* assert.h */ = {isa = PBXFileReference; fileEncoding = 4; lastKnownFileType = sourcecode.c.h; path = assert.h; sourceTree = "<group>"; };
		B9354D6D1FEF148E00A58D5C /* hash.h */ = {isa = PBXFileReference; fileEncoding = 4; lastKnownFileType = sourcecode.c.h; path = hash.h; sourceTree = "<group>"; };
		B9354D6E1FEF148E00A58D5C /* pool_alt.h */ = {isa = PBXFileReference; fileEncoding = 4; lastKnownFileType = sourcecode.c.h; path = pool_alt.h; sourceTree = "<group>"; };
		B9354D6F1FEF148E00A58D5C /* pool_buf.h */ = {isa = PBXFileReference; fileEncoding = 4; lastKnownFileType = sourcecode.c.h; path = pool_buf.h; sourceTree = "<group>"; };
		B9354D701FEF148E00A58D5C /* string.h */ = {isa = PBXFileReference; fileEncoding = 4; lastKnownFileType = sourcecode.c.h; path = string.h; sourceTree = "<group>"; };
		B9354D761FEF154A00A58D5C /* pjsip.a */ = {isa = PBXFileReference; lastKnownFileType = archive.ar; name = pjsip.a; path = Pod/pjsip.a; sourceTree = SOURCE_ROOT; };
		B94A28D51FE7532300178838 /* SipTest.app */ = {isa = PBXFileReference; explicitFileType = wrapper.application; includeInIndex = 0; path = SipTest.app; sourceTree = BUILT_PRODUCTS_DIR; };
		B94A28D81FE7532300178838 /* AppDelegate.swift */ = {isa = PBXFileReference; lastKnownFileType = sourcecode.swift; path = AppDelegate.swift; sourceTree = "<group>"; };
		B94A28DA1FE7532300178838 /* ViewController.swift */ = {isa = PBXFileReference; lastKnownFileType = sourcecode.swift; path = ViewController.swift; sourceTree = "<group>"; };
		B94A28DD1FE7532300178838 /* Base */ = {isa = PBXFileReference; lastKnownFileType = file.storyboard; name = Base; path = Base.lproj/Main.storyboard; sourceTree = "<group>"; };
		B94A28DF1FE7532300178838 /* Assets.xcassets */ = {isa = PBXFileReference; lastKnownFileType = folder.assetcatalog; path = Assets.xcassets; sourceTree = "<group>"; };
		B94A28E21FE7532300178838 /* Base */ = {isa = PBXFileReference; lastKnownFileType = file.storyboard; name = Base; path = Base.lproj/LaunchScreen.storyboard; sourceTree = "<group>"; };
		B94A28E41FE7532300178838 /* Info.plist */ = {isa = PBXFileReference; lastKnownFileType = text.plist.xml; path = Info.plist; sourceTree = "<group>"; };
		B94A291F1FE75A3C00178838 /* AVFoundation.framework */ = {isa = PBXFileReference; lastKnownFileType = wrapper.framework; name = AVFoundation.framework; path = System/Library/Frameworks/AVFoundation.framework; sourceTree = SDKROOT; };
		B9A1A2EB1FE7639500A02AE5 /* SipTest-Bridging-Header.h */ = {isa = PBXFileReference; lastKnownFileType = sourcecode.c.h; path = "SipTest-Bridging-Header.h"; sourceTree = "<group>"; };
		B9A1A2EE1FE845CD00A02AE5 /* Callbacks.swift */ = {isa = PBXFileReference; lastKnownFileType = sourcecode.swift; path = Callbacks.swift; sourceTree = "<group>"; };
		B9A1A2F01FE8883F00A02AE5 /* OutgoingCallViewController.swift */ = {isa = PBXFileReference; lastKnownFileType = sourcecode.swift; path = OutgoingCallViewController.swift; sourceTree = "<group>"; };
		B9A1A2F21FE8889E00A02AE5 /* IncomingCallViewController.swift */ = {isa = PBXFileReference; lastKnownFileType = sourcecode.swift; path = IncomingCallViewController.swift; sourceTree = "<group>"; };
/* End PBXFileReference section */

/* Begin PBXFrameworksBuildPhase section */
		B94A28D21FE7532300178838 /* Frameworks */ = {
			isa = PBXFrameworksBuildPhase;
			buildActionMask = 2147483647;
			files = (
				B9354D771FEF154B00A58D5C /* pjsip.a in Frameworks */,
				B9A1A34A1FE91AD700A02AE5 /* AVFoundation.framework in Frameworks */,
			);
			runOnlyForDeploymentPostprocessing = 0;
		};
/* End PBXFrameworksBuildPhase section */

/* Begin PBXGroup section */
		B9354AE51FEDA2A000A58D5C /* includes */ = {
			isa = PBXGroup;
			children = (
				B9354D1D1FEF148E00A58D5C /* pj */,
				B9354C571FEF148900A58D5C /* pj++ */,
				B9354CF61FEF148C00A58D5C /* pjlib-util */,
				B9354CB21FEF148A00A58D5C /* pjlib-util.h */,
				B9354D121FEF148D00A58D5C /* pjlib.h */,
				B9354C511FEF148800A58D5C /* pjlib++.hpp */,
				B9354C651FEF148900A58D5C /* pjmedia */,
				B9354CBF1FEF148A00A58D5C /* pjmedia_audiodev.h */,
				B9354C311FEF148700A58D5C /* pjmedia_videodev.h */,
				B9354CA51FEF148900A58D5C /* pjmedia-audiodev */,
				B9354CC01FEF148A00A58D5C /* pjmedia-codec */,
				B9354C2F1FEF148600A58D5C /* pjmedia-codec.h */,
				B9354D131FEF148D00A58D5C /* pjmedia-videodev */,
				B9354C521FEF148800A58D5C /* pjmedia.h */,
				B9354CDA1FEF148A00A58D5C /* pjnath */,
				B9354C561FEF148900A58D5C /* pjnath.h */,
				B9354C321FEF148700A58D5C /* pjsip */,
				B9354C501FEF148800A58D5C /* pjsip_auth.h */,
				B9354C301FEF148700A58D5C /* pjsip_simple.h */,
				B9354C541FEF148800A58D5C /* pjsip_ua.h */,
				B9354CB31FEF148A00A58D5C /* pjsip-simple */,
				B9354CAB1FEF148900A58D5C /* pjsip-ua */,
				B9354C531FEF148800A58D5C /* pjsip.h */,
				B9354D1A1FEF148D00A58D5C /* pjsua-lib */,
				B9354C551FEF148800A58D5C /* pjsua.h */,
				B9354CE91FEF148B00A58D5C /* pjsua2 */,
				B9354CF51FEF148C00A58D5C /* pjsua2.hpp */,
			);
			path = includes;
			sourceTree = "<group>";
		};
		B9354C321FEF148700A58D5C /* pjsip */ = {
			isa = PBXGroup;
			children = (
				B9354C331FEF148700A58D5C /* sip_transport.h */,
				B9354C341FEF148700A58D5C /* sip_module.h */,
				B9354C351FEF148700A58D5C /* sip_types.h */,
				B9354C361FEF148700A58D5C /* sip_tel_uri.h */,
				B9354C371FEF148700A58D5C /* sip_event.h */,
				B9354C381FEF148700A58D5C /* sip_auth.h */,
				B9354C391FEF148700A58D5C /* sip_autoconf.h */,
				B9354C3A1FEF148700A58D5C /* sip_util.h */,
				B9354C3B1FEF148700A58D5C /* sip_transport_tcp.h */,
				B9354C3C1FEF148700A58D5C /* sip_transport_loop.h */,
				B9354C3D1FEF148700A58D5C /* sip_msg.h */,
				B9354C3E1FEF148700A58D5C /* sip_private.h */,
				B9354C3F1FEF148700A58D5C /* sip_endpoint.h */,
				B9354C401FEF148700A58D5C /* sip_transport_tls.h */,
				B9354C411FEF148700A58D5C /* sip_multipart.h */,
				B9354C421FEF148700A58D5C /* sip_parser.h */,
				B9354C431FEF148700A58D5C /* sip_autoconf.h.in */,
				B9354C441FEF148700A58D5C /* sip_auth_msg.h */,
				B9354C451FEF148700A58D5C /* sip_uri.h */,
				B9354C461FEF148700A58D5C /* sip_ua_layer.h */,
				B9354C471FEF148700A58D5C /* sip_transaction.h */,
				B9354C481FEF148700A58D5C /* sip_transport_udp.h */,
				B9354C491FEF148700A58D5C /* print_util.h */,
				B9354C4A1FEF148700A58D5C /* sip_errno.h */,
				B9354C4B1FEF148700A58D5C /* sip_dialog.h */,
				B9354C4C1FEF148700A58D5C /* sip_auth_parser.h */,
				B9354C4D1FEF148700A58D5C /* sip_config.h */,
				B9354C4E1FEF148700A58D5C /* sip_auth_aka.h */,
				B9354C4F1FEF148700A58D5C /* sip_resolve.h */,
			);
			name = pjsip;
			path = "Pod/pjsip-include/pjsip";
			sourceTree = SOURCE_ROOT;
		};
		B9354C571FEF148900A58D5C /* pj++ */ = {
			isa = PBXGroup;
			children = (
				B9354C581FEF148900A58D5C /* hash.hpp */,
				B9354C591FEF148900A58D5C /* lock.hpp */,
				B9354C5A1FEF148900A58D5C /* proactor.hpp */,
				B9354C5B1FEF148900A58D5C /* file.hpp */,
				B9354C5C1FEF148900A58D5C /* list.hpp */,
				B9354C5D1FEF148900A58D5C /* pool.hpp */,
				B9354C5E1FEF148900A58D5C /* timer.hpp */,
				B9354C5F1FEF148900A58D5C /* string.hpp */,
				B9354C601FEF148900A58D5C /* tree.hpp */,
				B9354C611FEF148900A58D5C /* scanner.hpp */,
				B9354C621FEF148900A58D5C /* types.hpp */,
				B9354C631FEF148900A58D5C /* os.hpp */,
				B9354C641FEF148900A58D5C /* sock.hpp */,
			);
			name = "pj++";
			path = "Pod/pjsip-include/pj++";
			sourceTree = SOURCE_ROOT;
		};
		B9354C651FEF148900A58D5C /* pjmedia */ = {
			isa = PBXGroup;
			children = (
				B9354C661FEF148900A58D5C /* vid_port.h */,
				B9354C671FEF148900A58D5C /* circbuf.h */,
				B9354C681FEF148900A58D5C /* conference.h */,
				B9354C691FEF148900A58D5C /* sound.h */,
				B9354C6A1FEF148900A58D5C /* resample.h */,
				B9354C6B1FEF148900A58D5C /* endpoint.h */,
				B9354C6C1FEF148900A58D5C /* wav_playlist.h */,
				B9354C6D1FEF148900A58D5C /* bidirectional.h */,
				B9354C6E1FEF148900A58D5C /* vid_tee.h */,
				B9354C6F1FEF148900A58D5C /* port.h */,
				B9354C701FEF148900A58D5C /* vid_codec.h */,
				B9354C711FEF148900A58D5C /* symbian_sound_aps.h */,
				B9354C721FEF148900A58D5C /* transport_srtp.h */,
				B9354C731FEF148900A58D5C /* delaybuf.h */,
				B9354C741FEF148900A58D5C /* stereo.h */,
				B9354C751FEF148900A58D5C /* config_auto.h.in */,
				B9354C761FEF148900A58D5C /* rtcp_xr.h */,
				B9354C771FEF148900A58D5C /* config.h */,
				B9354C781FEF148900A58D5C /* event.h */,
				B9354C791FEF148900A58D5C /* types.h */,
				B9354C7A1FEF148900A58D5C /* tonegen.h */,
				B9354C7B1FEF148900A58D5C /* videodev.h */,
				B9354C7C1FEF148900A58D5C /* avi_stream.h */,
				B9354C7D1FEF148900A58D5C /* null_port.h */,
				B9354C7E1FEF148900A58D5C /* rtp.h */,
				B9354C7F1FEF148900A58D5C /* avi.h */,
				B9354C801FEF148900A58D5C /* audiodev.h */,
				B9354C811FEF148900A58D5C /* silencedet.h */,
				B9354C821FEF148900A58D5C /* frame.h */,
				B9354C831FEF148900A58D5C /* transport_loop.h */,
				B9354C841FEF148900A58D5C /* echo.h */,
				B9354C851FEF148900A58D5C /* converter.h */,
				B9354C861FEF148900A58D5C /* stream.h */,
				B9354C871FEF148900A58D5C /* wsola.h */,
				B9354C881FEF148900A58D5C /* wav_port.h */,
				B9354C891FEF148900A58D5C /* alaw_ulaw.h */,
				B9354C8A1FEF148900A58D5C /* sdp_neg.h */,
				B9354C8B1FEF148900A58D5C /* echo_port.h */,
				B9354C8C1FEF148900A58D5C /* codec.h */,
				B9354C8D1FEF148900A58D5C /* session.h */,
				B9354C8E1FEF148900A58D5C /* signatures.h */,
				B9354C8F1FEF148900A58D5C /* splitcomb.h */,
				B9354C901FEF148900A58D5C /* vid_codec_util.h */,
				B9354C911FEF148900A58D5C /* transport_ice.h */,
				B9354C921FEF148900A58D5C /* rtcp.h */,
				B9354C931FEF148900A58D5C /* vid_stream.h */,
				B9354C941FEF148900A58D5C /* transport.h */,
				B9354C951FEF148900A58D5C /* plc.h */,
				B9354C961FEF148900A58D5C /* stream_common.h */,
				B9354C971FEF148900A58D5C /* errno.h */,
				B9354C981FEF148900A58D5C /* g711.h */,
				B9354C991FEF148900A58D5C /* wave.h */,
				B9354C9A1FEF148900A58D5C /* sdp.h */,
				B9354C9B1FEF148900A58D5C /* doxygen.h */,
				B9354C9C1FEF148900A58D5C /* format.h */,
				B9354C9D1FEF148900A58D5C /* sound_port.h */,
				B9354C9E1FEF148900A58D5C /* config_auto.h */,
				B9354C9F1FEF148900A58D5C /* jbuf.h */,
				B9354CA01FEF148900A58D5C /* clock.h */,
				B9354CA11FEF148900A58D5C /* transport_adapter_sample.h */,
				B9354CA21FEF148900A58D5C /* master_port.h */,
				B9354CA31FEF148900A58D5C /* mem_port.h */,
				B9354CA41FEF148900A58D5C /* transport_udp.h */,
			);
			name = pjmedia;
			path = "Pod/pjsip-include/pjmedia";
			sourceTree = SOURCE_ROOT;
		};
		B9354CA51FEF148900A58D5C /* pjmedia-audiodev */ = {
			isa = PBXGroup;
			children = (
				B9354CA61FEF148900A58D5C /* config.h */,
				B9354CA71FEF148900A58D5C /* audiodev.h */,
				B9354CA81FEF148900A58D5C /* audiodev_imp.h */,
				B9354CA91FEF148900A58D5C /* errno.h */,
				B9354CAA1FEF148900A58D5C /* audiotest.h */,
			);
			name = "pjmedia-audiodev";
			path = "Pod/pjsip-include/pjmedia-audiodev";
			sourceTree = SOURCE_ROOT;
		};
		B9354CAB1FEF148900A58D5C /* pjsip-ua */ = {
			isa = PBXGroup;
			children = (
				B9354CAC1FEF148900A58D5C /* sip_100rel.h */,
				B9354CAD1FEF148900A58D5C /* sip_inv.h */,
				B9354CAE1FEF148900A58D5C /* sip_xfer.h */,
				B9354CAF1FEF148900A58D5C /* sip_regc.h */,
				B9354CB01FEF148900A58D5C /* sip_replaces.h */,
				B9354CB11FEF148900A58D5C /* sip_timer.h */,
			);
			name = "pjsip-ua";
			path = "Pod/pjsip-include/pjsip-ua";
			sourceTree = SOURCE_ROOT;
		};
		B9354CB31FEF148A00A58D5C /* pjsip-simple */ = {
			isa = PBXGroup;
			children = (
				B9354CB41FEF148A00A58D5C /* types.h */,
				B9354CB51FEF148A00A58D5C /* presence.h */,
				B9354CB61FEF148A00A58D5C /* iscomposing.h */,
				B9354CB71FEF148A00A58D5C /* rpid.h */,
				B9354CB81FEF148A00A58D5C /* pidf.h */,
				B9354CB91FEF148A00A58D5C /* mwi.h */,
				B9354CBA1FEF148A00A58D5C /* publish.h */,
				B9354CBB1FEF148A00A58D5C /* errno.h */,
				B9354CBC1FEF148A00A58D5C /* xpidf.h */,
				B9354CBD1FEF148A00A58D5C /* evsub_msg.h */,
				B9354CBE1FEF148A00A58D5C /* evsub.h */,
			);
			name = "pjsip-simple";
			path = "Pod/pjsip-include/pjsip-simple";
			sourceTree = SOURCE_ROOT;
		};
		B9354CC01FEF148A00A58D5C /* pjmedia-codec */ = {
			isa = PBXGroup;
			children = (
				B9354CC11FEF148A00A58D5C /* opencore_amr.h */,
				B9354CC21FEF148A00A58D5C /* opus.h */,
				B9354CC31FEF148A00A58D5C /* amr_sdp_match.h */,
				B9354CC41FEF148A00A58D5C /* ffmpeg_vid_codecs.h */,
				B9354CC51FEF148A00A58D5C /* speex.h */,
				B9354CC61FEF148A00A58D5C /* passthrough.h */,
				B9354CC71FEF148A00A58D5C /* config_auto.h.in */,
				B9354CC81FEF148A00A58D5C /* config.h */,
				B9354CC91FEF148A00A58D5C /* types.h */,
				B9354CCA1FEF148A00A58D5C /* silk.h */,
				B9354CCB1FEF148A00A58D5C /* ilbc.h */,
				B9354CCC1FEF148A00A58D5C /* gsm.h */,
				B9354CCD1FEF148A00A58D5C /* g7221_sdp_match.h */,
				B9354CCE1FEF148A00A58D5C /* g722.h */,
				B9354CCF1FEF148A00A58D5C /* bcg729.h */,
				B9354CD01FEF148A00A58D5C /* h264_packetizer.h */,
				B9354CD11FEF148A00A58D5C /* h263_packetizer.h */,
				B9354CD21FEF148A00A58D5C /* amr_helper.h */,
				B9354CD31FEF148A00A58D5C /* audio_codecs.h */,
				B9354CD41FEF148A00A58D5C /* ipp_codecs.h */,
				B9354CD51FEF148A00A58D5C /* l16.h */,
				B9354CD61FEF148A00A58D5C /* vid_toolbox.h */,
				B9354CD71FEF148A00A58D5C /* config_auto.h */,
				B9354CD81FEF148A00A58D5C /* openh264.h */,
				B9354CD91FEF148A00A58D5C /* g7221.h */,
			);
			name = "pjmedia-codec";
			path = "Pod/pjsip-include/pjmedia-codec";
			sourceTree = SOURCE_ROOT;
		};
		B9354CDA1FEF148A00A58D5C /* pjnath */ = {
			isa = PBXGroup;
			children = (
				B9354CDB1FEF148A00A58D5C /* stun_msg.h */,
				B9354CDC1FEF148A00A58D5C /* config.h */,
				B9354CDD1FEF148A00A58D5C /* types.h */,
				B9354CDE1FEF148A00A58D5C /* stun_sock.h */,
				B9354CDF1FEF148A00A58D5C /* turn_session.h */,
				B9354CE01FEF148B00A58D5C /* nat_detect.h */,
				B9354CE11FEF148B00A58D5C /* ice_strans.h */,
				B9354CE21FEF148B00A58D5C /* stun_session.h */,
				B9354CE31FEF148B00A58D5C /* turn_sock.h */,
				B9354CE41FEF148B00A58D5C /* errno.h */,
				B9354CE51FEF148B00A58D5C /* stun_config.h */,
				B9354CE61FEF148B00A58D5C /* ice_session.h */,
				B9354CE71FEF148B00A58D5C /* stun_transaction.h */,
				B9354CE81FEF148B00A58D5C /* stun_auth.h */,
			);
			name = pjnath;
			path = "Pod/pjsip-include/pjnath";
			sourceTree = SOURCE_ROOT;
		};
		B9354CE91FEF148B00A58D5C /* pjsua2 */ = {
			isa = PBXGroup;
			children = (
				B9354CEA1FEF148B00A58D5C /* json.hpp */,
				B9354CEB1FEF148B00A58D5C /* persistent.hpp */,
				B9354CEC1FEF148B00A58D5C /* doxygen.hpp */,
				B9354CED1FEF148B00A58D5C /* config.hpp */,
				B9354CEE1FEF148B00A58D5C /* siptypes.hpp */,
				B9354CEF1FEF148B00A58D5C /* account.hpp */,
				B9354CF01FEF148B00A58D5C /* endpoint.hpp */,
				B9354CF11FEF148B00A58D5C /* call.hpp */,
				B9354CF21FEF148B00A58D5C /* presence.hpp */,
				B9354CF31FEF148B00A58D5C /* media.hpp */,
				B9354CF41FEF148B00A58D5C /* types.hpp */,
			);
			name = pjsua2;
			path = "Pod/pjsip-include/pjsua2";
			sourceTree = SOURCE_ROOT;
		};
		B9354CF61FEF148C00A58D5C /* pjlib-util */ = {
			isa = PBXGroup;
			children = (
				B9354CF71FEF148C00A58D5C /* cli_console.h */,
				B9354CF81FEF148C00A58D5C /* scanner_cis_bitwise.h */,
				B9354CF91FEF148C00A58D5C /* http_client.h */,
				B9354CFA1FEF148C00A58D5C /* base64.h */,
				B9354CFB1FEF148C00A58D5C /* config.h */,
				B9354CFC1FEF148C00A58D5C /* types.h */,
				B9354CFD1FEF148C00A58D5C /* cli_imp.h */,
				B9354CFE1FEF148C00A58D5C /* md5.h */,
				B9354CFF1FEF148C00A58D5C /* dns_server.h */,
				B9354D001FEF148C00A58D5C /* hmac_md5.h */,
				B9354D011FEF148C00A58D5C /* getopt.h */,
				B9354D021FEF148C00A58D5C /* cli.h */,
				B9354D031FEF148C00A58D5C /* scanner_cis_uint.h */,
				B9354D041FEF148C00A58D5C /* xml.h */,
				B9354D051FEF148C00A58D5C /* scanner.h */,
				B9354D061FEF148C00A58D5C /* json.h */,
				B9354D071FEF148C00A58D5C /* resolver.h */,
				B9354D081FEF148C00A58D5C /* hmac_sha1.h */,
				B9354D091FEF148C00A58D5C /* cli_telnet.h */,
				B9354D0A1FEF148C00A58D5C /* srv_resolver.h */,
				B9354D0B1FEF148C00A58D5C /* pcap.h */,
				B9354D0C1FEF148C00A58D5C /* sha1.h */,
				B9354D0D1FEF148C00A58D5C /* errno.h */,
				B9354D0E1FEF148C00A58D5C /* stun_simple.h */,
				B9354D0F1FEF148C00A58D5C /* dns.h */,
				B9354D101FEF148C00A58D5C /* crc32.h */,
				B9354D111FEF148C00A58D5C /* string.h */,
			);
			name = "pjlib-util";
			path = "Pod/pjsip-include/pjlib-util";
			sourceTree = SOURCE_ROOT;
		};
		B9354D131FEF148D00A58D5C /* pjmedia-videodev */ = {
			isa = PBXGroup;
			children = (
				B9354D141FEF148D00A58D5C /* config.h */,
				B9354D151FEF148D00A58D5C /* videodev.h */,
				B9354D161FEF148D00A58D5C /* opengl_dev.h */,
				B9354D171FEF148D00A58D5C /* errno.h */,
				B9354D181FEF148D00A58D5C /* videodev_imp.h */,
				B9354D191FEF148D00A58D5C /* avi_dev.h */,
			);
			name = "pjmedia-videodev";
			path = "Pod/pjsip-include/pjmedia-videodev";
			sourceTree = SOURCE_ROOT;
		};
		B9354D1A1FEF148D00A58D5C /* pjsua-lib */ = {
			isa = PBXGroup;
			children = (
				B9354D1B1FEF148D00A58D5C /* pjsua_internal.h */,
				B9354D1C1FEF148D00A58D5C /* pjsua.h */,
			);
			name = "pjsua-lib";
			path = "Pod/pjsip-include/pjsua-lib";
			sourceTree = SOURCE_ROOT;
		};
		B9354D1D1FEF148E00A58D5C /* pj */ = {
			isa = PBXGroup;
			children = (
				B9354D1E1FEF148E00A58D5C /* sock.h */,
				B9354D1F1FEF148E00A58D5C /* ip_helper.h */,
				B9354D201FEF148E00A58D5C /* file_io.h */,
				B9354D211FEF148E00A58D5C /* compat */,
				B9354D4C1FEF148E00A58D5C /* pool.h */,
				B9354D4D1FEF148E00A58D5C /* ssl_sock.h */,
				B9354D4E1FEF148E00A58D5C /* config.h */,
				B9354D4F1FEF148E00A58D5C /* sock_select.h */,
				B9354D501FEF148E00A58D5C /* types.h */,
				B9354D511FEF148E00A58D5C /* limits.h */,
				B9354D521FEF148E00A58D5C /* config_site_sample.h */,
				B9354D531FEF148E00A58D5C /* lock.h */,
				B9354D541FEF148E00A58D5C /* config_site.h */,
				B9354D551FEF148E00A58D5C /* os.h */,
				B9354D561FEF148E00A58D5C /* guid.h */,
				B9354D571FEF148E00A58D5C /* fifobuf.h */,
				B9354D581FEF148E00A58D5C /* pool_i.h */,
				B9354D591FEF148E00A58D5C /* list_i.h */,
				B9354D5A1FEF148E00A58D5C /* except.h */,
				B9354D5B1FEF148E00A58D5C /* file_access.h */,
				B9354D5C1FEF148E00A58D5C /* timer.h */,
				B9354D5D1FEF148E00A58D5C /* unicode.h */,
				B9354D5E1FEF148E00A58D5C /* list.h */,
				B9354D5F1FEF148E00A58D5C /* rbtree.h */,
				B9354D601FEF148E00A58D5C /* activesock.h */,
				B9354D611FEF148E00A58D5C /* log.h */,
				B9354D621FEF148E00A58D5C /* ctype.h */,
				B9354D631FEF148E00A58D5C /* sock_qos.h */,
				B9354D641FEF148E00A58D5C /* array.h */,
				B9354D651FEF148E00A58D5C /* string_i.h */,
				B9354D661FEF148E00A58D5C /* rand.h */,
				B9354D671FEF148E00A58D5C /* addr_resolv.h */,
				B9354D681FEF148E00A58D5C /* math.h */,
				B9354D691FEF148E00A58D5C /* errno.h */,
				B9354D6A1FEF148E00A58D5C /* ioqueue.h */,
				B9354D6B1FEF148E00A58D5C /* doxygen.h */,
				B9354D6C1FEF148E00A58D5C /* assert.h */,
				B9354D6D1FEF148E00A58D5C /* hash.h */,
				B9354D6E1FEF148E00A58D5C /* pool_alt.h */,
				B9354D6F1FEF148E00A58D5C /* pool_buf.h */,
				B9354D701FEF148E00A58D5C /* string.h */,
			);
			name = pj;
			path = "Pod/pjsip-include/pj";
			sourceTree = SOURCE_ROOT;
		};
		B9354D211FEF148E00A58D5C /* compat */ = {
			isa = PBXGroup;
			children = (
				B9354D221FEF148E00A58D5C /* time.h */,
				B9354D231FEF148E00A58D5C /* os_sunos.h */,
				B9354D241FEF148E00A58D5C /* m_m68k.h */,
				B9354D251FEF148E00A58D5C /* malloc.h */,
				B9354D261FEF148E00A58D5C /* cc_msvc.h */,
				B9354D271FEF148E00A58D5C /* m_armv4.h */,
				B9354D281FEF148E00A58D5C /* os_linux_kernel.h */,
				B9354D291FEF148E00A58D5C /* limits.h */,
				B9354D2A1FEF148E00A58D5C /* os_win32_wince.h */,
				B9354D2B1FEF148E00A58D5C /* cc_armcc.h */,
				B9354D2C1FEF148E00A58D5C /* m_powerpc.h */,
				B9354D2D1FEF148E00A58D5C /* os_rtems.h */,
				B9354D2E1FEF148E00A58D5C /* high_precision.h */,
				B9354D2F1FEF148E00A58D5C /* cc_codew.h */,
				B9354D301FEF148E00A58D5C /* cc_gcce.h */,
				B9354D311FEF148E00A58D5C /* m_x86_64.h */,
				B9354D321FEF148E00A58D5C /* os_auto.h.in */,
				B9354D331FEF148E00A58D5C /* setjmp.h */,
				B9354D341FEF148E00A58D5C /* os_darwinos.h */,
				B9354D351FEF148E00A58D5C /* os_winuwp.h */,
				B9354D361FEF148E00A58D5C /* os_linux.h */,
				B9354D371FEF148E00A58D5C /* stdfileio.h */,
				B9354D381FEF148E00A58D5C /* m_alpha.h */,
				B9354D391FEF148E00A58D5C /* ctype.h */,
				B9354D3A1FEF148E00A58D5C /* cc_mwcc.h */,
				B9354D3B1FEF148E00A58D5C /* os_win32.h */,
				B9354D3C1FEF148E00A58D5C /* os_symbian.h */,
				B9354D3D1FEF148E00A58D5C /* rand.h */,
				B9354D3E1FEF148E00A58D5C /* errno.h */,
				B9354D3F1FEF148E00A58D5C /* stdarg.h */,
				B9354D401FEF148E00A58D5C /* size_t.h */,
				B9354D411FEF148E00A58D5C /* m_auto.h.in */,
				B9354D421FEF148E00A58D5C /* os_auto.h */,
				B9354D431FEF148E00A58D5C /* m_i386.h */,
				B9354D441FEF148E00A58D5C /* assert.h */,
				B9354D451FEF148E00A58D5C /* cc_gcc.h */,
				B9354D461FEF148E00A58D5C /* socket.h */,
				B9354D471FEF148E00A58D5C /* m_auto.h */,
				B9354D481FEF148E00A58D5C /* os_winphone8.h */,
				B9354D491FEF148E00A58D5C /* os_palmos.h */,
				B9354D4A1FEF148E00A58D5C /* string.h */,
				B9354D4B1FEF148E00A58D5C /* m_sparc.h */,
			);
			path = compat;
			sourceTree = "<group>";
		};
		B94A28CC1FE7532300178838 = {
			isa = PBXGroup;
			children = (
				B94A28D71FE7532300178838 /* SipTest */,
				B94A28EE1FE754CE00178838 /* PJSIP */,
				B94A28D61FE7532300178838 /* Products */,
				B94A291C1FE75A2E00178838 /* Frameworks */,
			);
			sourceTree = "<group>";
		};
		B94A28D61FE7532300178838 /* Products */ = {
			isa = PBXGroup;
			children = (
				B94A28D51FE7532300178838 /* SipTest.app */,
			);
			name = Products;
			sourceTree = "<group>";
		};
		B94A28D71FE7532300178838 /* SipTest */ = {
			isa = PBXGroup;
			children = (
				B94A28D81FE7532300178838 /* AppDelegate.swift */,
				B94A28DA1FE7532300178838 /* ViewController.swift */,
				B94A28DC1FE7532300178838 /* Main.storyboard */,
				B94A28DF1FE7532300178838 /* Assets.xcassets */,
				B94A28E11FE7532300178838 /* LaunchScreen.storyboard */,
				B94A28E41FE7532300178838 /* Info.plist */,
				B9A1A2EB1FE7639500A02AE5 /* SipTest-Bridging-Header.h */,
				B9A1A2EE1FE845CD00A02AE5 /* Callbacks.swift */,
				B9A1A2F01FE8883F00A02AE5 /* OutgoingCallViewController.swift */,
				B9A1A2F21FE8889E00A02AE5 /* IncomingCallViewController.swift */,
				B928F8031FEB12010056118E /* ProviderDelegate.swift */,
			);
			path = SipTest;
			sourceTree = "<group>";
		};
		B94A28EE1FE754CE00178838 /* PJSIP */ = {
			isa = PBXGroup;
			children = (
				B9354AE51FEDA2A000A58D5C /* includes */,
				B94A28EF1FE754D700178838 /* libs */,
			);
			path = PJSIP;
			sourceTree = "<group>";
		};
		B94A28EF1FE754D700178838 /* libs */ = {
			isa = PBXGroup;
			children = (
				B9354D761FEF154A00A58D5C /* pjsip.a */,
			);
			path = libs;
			sourceTree = "<group>";
		};
		B94A291C1FE75A2E00178838 /* Frameworks */ = {
			isa = PBXGroup;
			children = (
				B94A291F1FE75A3C00178838 /* AVFoundation.framework */,
			);
			name = Frameworks;
			sourceTree = "<group>";
		};
/* End PBXGroup section */

/* Begin PBXNativeTarget section */
		B94A28D41FE7532300178838 /* SipTest */ = {
			isa = PBXNativeTarget;
			buildConfigurationList = B94A28E71FE7532300178838 /* Build configuration list for PBXNativeTarget "SipTest" */;
			buildPhases = (
				B94A28D11FE7532300178838 /* Sources */,
				B94A28D21FE7532300178838 /* Frameworks */,
				B94A28D31FE7532300178838 /* Resources */,
			);
			buildRules = (
			);
			dependencies = (
			);
			name = SipTest;
			productName = SipTest;
			productReference = B94A28D51FE7532300178838 /* SipTest.app */;
			productType = "com.apple.product-type.application";
		};
/* End PBXNativeTarget section */

/* Begin PBXProject section */
		B94A28CD1FE7532300178838 /* Project object */ = {
			isa = PBXProject;
			attributes = {
				LastSwiftUpdateCheck = 0920;
				LastUpgradeCheck = 0920;
				ORGANIZATIONNAME = "Zhe Cui";
				TargetAttributes = {
					B94A28D41FE7532300178838 = {
						CreatedOnToolsVersion = 9.2;
						LastSwiftMigration = 0920;
						ProvisioningStyle = Automatic;
					};
				};
			};
			buildConfigurationList = B94A28D01FE7532300178838 /* Build configuration list for PBXProject "SipTest" */;
			compatibilityVersion = "Xcode 8.0";
			developmentRegion = en;
			hasScannedForEncodings = 0;
			knownRegions = (
				en,
				Base,
			);
			mainGroup = B94A28CC1FE7532300178838;
			productRefGroup = B94A28D61FE7532300178838 /* Products */;
			projectDirPath = "";
			projectRoot = "";
			targets = (
				B94A28D41FE7532300178838 /* SipTest */,
			);
		};
/* End PBXProject section */

/* Begin PBXResourcesBuildPhase section */
		B94A28D31FE7532300178838 /* Resources */ = {
			isa = PBXResourcesBuildPhase;
			buildActionMask = 2147483647;
			files = (
				B9354D731FEF148E00A58D5C /* config_auto.h.in in Resources */,
				B9354D741FEF148E00A58D5C /* os_auto.h.in in Resources */,
				B94A28E31FE7532300178838 /* LaunchScreen.storyboard in Resources */,
				B9354D751FEF148E00A58D5C /* m_auto.h.in in Resources */,
				B94A28E01FE7532300178838 /* Assets.xcassets in Resources */,
				B94A28DE1FE7532300178838 /* Main.storyboard in Resources */,
				B9354D711FEF148E00A58D5C /* sip_autoconf.h.in in Resources */,
				B9354D721FEF148E00A58D5C /* config_auto.h.in in Resources */,
			);
			runOnlyForDeploymentPostprocessing = 0;
		};
/* End PBXResourcesBuildPhase section */

/* Begin PBXSourcesBuildPhase section */
		B94A28D11FE7532300178838 /* Sources */ = {
			isa = PBXSourcesBuildPhase;
			buildActionMask = 2147483647;
			files = (
				B9A1A2F11FE8883F00A02AE5 /* OutgoingCallViewController.swift in Sources */,
				B94A28DB1FE7532300178838 /* ViewController.swift in Sources */,
				B94A28D91FE7532300178838 /* AppDelegate.swift in Sources */,
				B928F8041FEB12010056118E /* ProviderDelegate.swift in Sources */,
				B9A1A2F31FE8889E00A02AE5 /* IncomingCallViewController.swift in Sources */,
				B9A1A2EF1FE845CD00A02AE5 /* Callbacks.swift in Sources */,
			);
			runOnlyForDeploymentPostprocessing = 0;
		};
/* End PBXSourcesBuildPhase section */

/* Begin PBXVariantGroup section */
		B94A28DC1FE7532300178838 /* Main.storyboard */ = {
			isa = PBXVariantGroup;
			children = (
				B94A28DD1FE7532300178838 /* Base */,
			);
			name = Main.storyboard;
			sourceTree = "<group>";
		};
		B94A28E11FE7532300178838 /* LaunchScreen.storyboard */ = {
			isa = PBXVariantGroup;
			children = (
				B94A28E21FE7532300178838 /* Base */,
			);
			name = LaunchScreen.storyboard;
			sourceTree = "<group>";
		};
/* End PBXVariantGroup section */

/* Begin XCBuildConfiguration section */
		B94A28E51FE7532300178838 /* Debug */ = {
			isa = XCBuildConfiguration;
			buildSettings = {
				ALWAYS_SEARCH_USER_PATHS = NO;
				CLANG_ANALYZER_NONNULL = YES;
				CLANG_ANALYZER_NUMBER_OBJECT_CONVERSION = YES_AGGRESSIVE;
				CLANG_CXX_LANGUAGE_STANDARD = "gnu++14";
				CLANG_CXX_LIBRARY = "libc++";
				CLANG_ENABLE_MODULES = YES;
				CLANG_ENABLE_OBJC_ARC = YES;
				CLANG_WARN_BLOCK_CAPTURE_AUTORELEASING = YES;
				CLANG_WARN_BOOL_CONVERSION = YES;
				CLANG_WARN_COMMA = YES;
				CLANG_WARN_CONSTANT_CONVERSION = YES;
				CLANG_WARN_DIRECT_OBJC_ISA_USAGE = YES_ERROR;
				CLANG_WARN_DOCUMENTATION_COMMENTS = YES;
				CLANG_WARN_EMPTY_BODY = YES;
				CLANG_WARN_ENUM_CONVERSION = YES;
				CLANG_WARN_INFINITE_RECURSION = YES;
				CLANG_WARN_INT_CONVERSION = YES;
				CLANG_WARN_NON_LITERAL_NULL_CONVERSION = YES;
				CLANG_WARN_OBJC_LITERAL_CONVERSION = YES;
				CLANG_WARN_OBJC_ROOT_CLASS = YES_ERROR;
				CLANG_WARN_RANGE_LOOP_ANALYSIS = YES;
				CLANG_WARN_STRICT_PROTOTYPES = YES;
				CLANG_WARN_SUSPICIOUS_MOVE = YES;
				CLANG_WARN_UNGUARDED_AVAILABILITY = YES_AGGRESSIVE;
				CLANG_WARN_UNREACHABLE_CODE = YES;
				CLANG_WARN__DUPLICATE_METHOD_MATCH = YES;
				CODE_SIGN_IDENTITY = "iPhone Developer";
				COPY_PHASE_STRIP = NO;
				DEBUG_INFORMATION_FORMAT = dwarf;
				ENABLE_STRICT_OBJC_MSGSEND = YES;
				ENABLE_TESTABILITY = YES;
				GCC_C_LANGUAGE_STANDARD = gnu11;
				GCC_DYNAMIC_NO_PIC = NO;
				GCC_NO_COMMON_BLOCKS = YES;
				GCC_OPTIMIZATION_LEVEL = 0;
				GCC_PREPROCESSOR_DEFINITIONS = (
					"DEBUG=1",
					"$(inherited)",
				);
				GCC_WARN_64_TO_32_BIT_CONVERSION = YES;
				GCC_WARN_ABOUT_RETURN_TYPE = YES_ERROR;
				GCC_WARN_UNDECLARED_SELECTOR = YES;
				GCC_WARN_UNINITIALIZED_AUTOS = YES_AGGRESSIVE;
				GCC_WARN_UNUSED_FUNCTION = YES;
				GCC_WARN_UNUSED_VARIABLE = YES;
				IPHONEOS_DEPLOYMENT_TARGET = 11.2;
				MTL_ENABLE_DEBUG_INFO = YES;
				ONLY_ACTIVE_ARCH = YES;
				SDKROOT = iphoneos;
				SWIFT_ACTIVE_COMPILATION_CONDITIONS = DEBUG;
				SWIFT_OPTIMIZATION_LEVEL = "-Onone";
			};
			name = Debug;
		};
		B94A28E61FE7532300178838 /* Release */ = {
			isa = XCBuildConfiguration;
			buildSettings = {
				ALWAYS_SEARCH_USER_PATHS = NO;
				CLANG_ANALYZER_NONNULL = YES;
				CLANG_ANALYZER_NUMBER_OBJECT_CONVERSION = YES_AGGRESSIVE;
				CLANG_CXX_LANGUAGE_STANDARD = "gnu++14";
				CLANG_CXX_LIBRARY = "libc++";
				CLANG_ENABLE_MODULES = YES;
				CLANG_ENABLE_OBJC_ARC = YES;
				CLANG_WARN_BLOCK_CAPTURE_AUTORELEASING = YES;
				CLANG_WARN_BOOL_CONVERSION = YES;
				CLANG_WARN_COMMA = YES;
				CLANG_WARN_CONSTANT_CONVERSION = YES;
				CLANG_WARN_DIRECT_OBJC_ISA_USAGE = YES_ERROR;
				CLANG_WARN_DOCUMENTATION_COMMENTS = YES;
				CLANG_WARN_EMPTY_BODY = YES;
				CLANG_WARN_ENUM_CONVERSION = YES;
				CLANG_WARN_INFINITE_RECURSION = YES;
				CLANG_WARN_INT_CONVERSION = YES;
				CLANG_WARN_NON_LITERAL_NULL_CONVERSION = YES;
				CLANG_WARN_OBJC_LITERAL_CONVERSION = YES;
				CLANG_WARN_OBJC_ROOT_CLASS = YES_ERROR;
				CLANG_WARN_RANGE_LOOP_ANALYSIS = YES;
				CLANG_WARN_STRICT_PROTOTYPES = YES;
				CLANG_WARN_SUSPICIOUS_MOVE = YES;
				CLANG_WARN_UNGUARDED_AVAILABILITY = YES_AGGRESSIVE;
				CLANG_WARN_UNREACHABLE_CODE = YES;
				CLANG_WARN__DUPLICATE_METHOD_MATCH = YES;
				CODE_SIGN_IDENTITY = "iPhone Developer";
				COPY_PHASE_STRIP = NO;
				DEBUG_INFORMATION_FORMAT = "dwarf-with-dsym";
				ENABLE_NS_ASSERTIONS = NO;
				ENABLE_STRICT_OBJC_MSGSEND = YES;
				GCC_C_LANGUAGE_STANDARD = gnu11;
				GCC_NO_COMMON_BLOCKS = YES;
				GCC_WARN_64_TO_32_BIT_CONVERSION = YES;
				GCC_WARN_ABOUT_RETURN_TYPE = YES_ERROR;
				GCC_WARN_UNDECLARED_SELECTOR = YES;
				GCC_WARN_UNINITIALIZED_AUTOS = YES_AGGRESSIVE;
				GCC_WARN_UNUSED_FUNCTION = YES;
				GCC_WARN_UNUSED_VARIABLE = YES;
				IPHONEOS_DEPLOYMENT_TARGET = 11.2;
				MTL_ENABLE_DEBUG_INFO = NO;
				SDKROOT = iphoneos;
				SWIFT_OPTIMIZATION_LEVEL = "-Owholemodule";
				VALIDATE_PRODUCT = YES;
			};
			name = Release;
		};
		B94A28E81FE7532300178838 /* Debug */ = {
			isa = XCBuildConfiguration;
			buildSettings = {
				ASSETCATALOG_COMPILER_APPICON_NAME = AppIcon;
				CLANG_ENABLE_MODULES = YES;
				CODE_SIGN_STYLE = Automatic;
				DEVELOPMENT_TEAM = TYA2375JGG;
				ENABLE_BITCODE = NO;
				GCC_PREPROCESSOR_DEFINITIONS = (
					"DEBUG=1",
					"$(inherited)",
					"PJ_AUTOCONF=1",
				);
				HEADER_SEARCH_PATHS = "/Users/zhecui/Developer/PjSIP/test/Pod/pjsip-include";
				INFOPLIST_FILE = SipTest/Info.plist;
				IPHONEOS_DEPLOYMENT_TARGET = 10.0;
				LD_RUNPATH_SEARCH_PATHS = "$(inherited) @executable_path/Frameworks";
				LIBRARY_SEARCH_PATHS = (
					/Users/zhecui/Developer/PjSIP/test/Pod,
					"$(inherited)",
					"$(PROJECT_DIR)/Pod",
				);
				ONLY_ACTIVE_ARCH = YES;
				PRODUCT_BUNDLE_IDENTIFIER = com.zhecui.SipTest;
				PRODUCT_NAME = "$(TARGET_NAME)";
				SWIFT_OBJC_BRIDGING_HEADER = "SipTest/SipTest-Bridging-Header.h";
				SWIFT_OPTIMIZATION_LEVEL = "-Onone";
				SWIFT_VERSION = 4.0;
				TARGETED_DEVICE_FAMILY = "1,2";
				VALID_ARCHS = "arm64 armv7s armv7";
			};
			name = Debug;
		};
		B94A28E91FE7532300178838 /* Release */ = {
			isa = XCBuildConfiguration;
			buildSettings = {
				ASSETCATALOG_COMPILER_APPICON_NAME = AppIcon;
				CLANG_ENABLE_MODULES = YES;
				CODE_SIGN_STYLE = Automatic;
				DEVELOPMENT_TEAM = TYA2375JGG;
				ENABLE_BITCODE = NO;
				HEADER_SEARCH_PATHS = "/Users/zhecui/Developer/PjSIP/test/Pod/pjsip-include";
				INFOPLIST_FILE = SipTest/Info.plist;
				IPHONEOS_DEPLOYMENT_TARGET = 10.0;
				LD_RUNPATH_SEARCH_PATHS = "$(inherited) @executable_path/Frameworks";
				LIBRARY_SEARCH_PATHS = (
					/Users/zhecui/Developer/PjSIP/test/Pod,
					"$(inherited)",
					"$(PROJECT_DIR)/Pod",
				);
				ONLY_ACTIVE_ARCH = YES;
				PRODUCT_BUNDLE_IDENTIFIER = com.zhecui.SipTest;
				PRODUCT_NAME = "$(TARGET_NAME)";
				SWIFT_OBJC_BRIDGING_HEADER = "SipTest/SipTest-Bridging-Header.h";
				SWIFT_VERSION = 4.0;
				TARGETED_DEVICE_FAMILY = "1,2";
				VALID_ARCHS = "arm64 armv7s armv7";
			};
			name = Release;
		};
/* End XCBuildConfiguration section */

/* Begin XCConfigurationList section */
		B94A28D01FE7532300178838 /* Build configuration list for PBXProject "SipTest" */ = {
			isa = XCConfigurationList;
			buildConfigurations = (
				B94A28E51FE7532300178838 /* Debug */,
				B94A28E61FE7532300178838 /* Release */,
			);
			defaultConfigurationIsVisible = 0;
			defaultConfigurationName = Release;
		};
		B94A28E71FE7532300178838 /* Build configuration list for PBXNativeTarget "SipTest" */ = {
			isa = XCConfigurationList;
			buildConfigurations = (
				B94A28E81FE7532300178838 /* Debug */,
				B94A28E91FE7532300178838 /* Release */,
			);
			defaultConfigurationIsVisible = 0;
			defaultConfigurationName = Release;
		};
/* End XCConfigurationList section */
	};
	rootObject = B94A28CD1FE7532300178838 /* Project object */;
}
